PODS:
  - AFNetworking (1.3.2)
  - ASIHTTPRequest (1.8.1):
    - ASIHTTPRequest/ASIWebPageRequest
    - ASIHTTPRequest/CloudFiles
    - ASIHTTPRequest/S3
    - Reachability
  - ASIHTTPRequest/ASIWebPageRequest (1.8.1):
    - Reachability
  - ASIHTTPRequest/CloudFiles (1.8.1):
    - Reachability
  - ASIHTTPRequest/S3 (1.8.1):
    - Reachability
  - FlatUIKit (1.2)
  - libwebp (0.3.0-rc7):
    - libwebp/dec
    - libwebp/dsp
    - libwebp/utils
    - libwebp/webp
  - libwebp/dec (0.3.0-rc7)
  - libwebp/dsp (0.3.0-rc7)
  - libwebp/utils (0.3.0-rc7)
  - libwebp/webp (0.3.0-rc7)
  - MBProgressHUD (0.8)
  - MosaicLayout (0.0.1):
    - AFNetworking (~> 1.3.2)
  - ObjectiveDDP (0.0.26)
  - Reachability (3.1.1)
  - SBJson (3.1)
  - SDWebImage (3.4):
    - libwebp
    - SDWebImage/MapKit
  - SDWebImage/MapKit (3.4):
    - libwebp
  - SocketRocket (HEAD based on 0.3.1-beta2)
  - TMQuiltView (0.0.1)
  - UIColor-HexString (1.0.1)

DEPENDENCIES:
  - ASIHTTPRequest
  - FlatUIKit
  - MBProgressHUD
  - MosaicLayout (from `https://github.com/rollick/MosaicLayout.git`)
  - ObjectiveDDP (from `https://github.com/rollick/ObjectiveDDP.git`, commit `57d2154`)
  - SBJson (= 3.1)
  - SDWebImage
  - SocketRocket (HEAD)
  - TMQuiltView
  - UIColor-HexString

EXTERNAL SOURCES:
  MosaicLayout:
    :git: https://github.com/rollick/MosaicLayout.git
  ObjectiveDDP:
    :commit: 57d2154
    :git: https://github.com/rollick/ObjectiveDDP.git

SPEC CHECKSUMS:
  AFNetworking: 7f9bcd7c287a75476cd5c61e82fd3380e93e4c54
  ASIHTTPRequest: a411b8d0f006ed8fc24248be6a0c4ad2abc9b101
  FlatUIKit: 43b2acaa6f4ef57539b51b00e4ce62d506e33e11
  libwebp: 40517fa1fd3716eded73b4696c45fc0b66e4b414
  MBProgressHUD: 2bbc6f470111daf7f3eaa4eb12b8cbf01c4c0622
  MosaicLayout: 39425652bcc33265b42ad5ea67386800c61acb16
  ObjectiveDDP: 0c1544bb4478494911b1e6a54b257ae48b7c7a50
  Reachability: 2be6bc2fd2bd31d97f5db33e75e4b29c79e95883
  SBJson: 0c76c1e4ec7c4fbf9c9c0d9fa78cb3c5743cbe9a
  SDWebImage: f13f791e411c632489824aa7f129e230b52bf5c4
  SocketRocket: 7ac946bcce46287a791dfff3c1f8daa692821dae
  TMQuiltView: 520d09d6a98f1a6aa75ed92a91123ecc79bab62c
  UIColor-HexString: 8a3f512f71b6d94a2cf6bdeabcad2f3532f31b5a

COCOAPODS: 0.25.0
