// !$*UTF8*$!
{
	archiveVersion = 1;
	classes = {
	};
	objectVersion = 46;
	objects = {

/* Begin PBXBuildFile section */
		20A272A5EC7E48D3AC3D25C4 /* libPods.a in Frameworks */ = {isa = PBXBuildFile; fileRef = F923E2DB94994B0ABF43E5B3 /* libPods.a */; };
		26018CF817CE1A1A00D766A4 /* UnderplanItemDetailsView.xib in Resources */ = {isa = PBXBuildFile; fileRef = 26018CF717CE1A1A00D766A4 /* UnderplanItemDetailsView.xib */; };
		26018CFB17CE300600D766A4 /* UnderplanItemDetailsView.m in Sources */ = {isa = PBXBuildFile; fileRef = 26018CFA17CE300600D766A4 /* UnderplanItemDetailsView.m */; };
		26018CFF17CE781F00D766A4 /* UILabel+VerticalAlign.m in Sources */ = {isa = PBXBuildFile; fileRef = 26018CFE17CE781F00D766A4 /* UILabel+VerticalAlign.m */; };
		26018D0217CEAA7300D766A4 /* QuartzCore.framework in Frameworks */ = {isa = PBXBuildFile; fileRef = 26018D0117CEAA7300D766A4 /* QuartzCore.framework */; };
		26018D0517CECF0900D766A4 /* Comment.m in Sources */ = {isa = PBXBuildFile; fileRef = 26018D0417CECF0900D766A4 /* Comment.m */; };
		26072D0317CF3CBB0073B74B /* Images.xcassets in Resources */ = {isa = PBXBuildFile; fileRef = 26072D0217CF3CBB0073B74B /* Images.xcassets */; };
		260CFC8117B1543800FC7787 /* Activity.m in Sources */ = {isa = PBXBuildFile; fileRef = 260CFC8017B1543800FC7787 /* Activity.m */; };
		260CFC8417B16CC400FC7787 /* Group.m in Sources */ = {isa = PBXBuildFile; fileRef = 260CFC8317B16CC400FC7787 /* Group.m */; };
		260CFC8717B2803F00FC7787 /* MeteorModel.m in Sources */ = {isa = PBXBuildFile; fileRef = 260CFC8617B2803F00FC7787 /* MeteorModel.m */; };
		260CFC8A17B294C400FC7787 /* Photo.m in Sources */ = {isa = PBXBuildFile; fileRef = 260CFC8917B294C400FC7787 /* Photo.m */; };
		260CFC8C17B29F7100FC7787 /* pano_image.jpg in Resources */ = {isa = PBXBuildFile; fileRef = 260CFC8B17B29F7100FC7787 /* pano_image.jpg */; };
		2621FAF917DF50EA00E20D85 /* UnderplanSlideshowController.m in Sources */ = {isa = PBXBuildFile; fileRef = 2621FAF817DF50EA00E20D85 /* UnderplanSlideshowController.m */; };
		263DCD0217E0BF8E0077DD15 /* chevron-left.png in Resources */ = {isa = PBXBuildFile; fileRef = 263DCCFE17E0BF8E0077DD15 /* chevron-left.png */; };
		263DCD0317E0BF8E0077DD15 /* chevron-left@2x.png in Resources */ = {isa = PBXBuildFile; fileRef = 263DCCFF17E0BF8E0077DD15 /* chevron-left@2x.png */; };
		263DCD0417E0BF8E0077DD15 /* chevron-right.png in Resources */ = {isa = PBXBuildFile; fileRef = 263DCD0017E0BF8E0077DD15 /* chevron-right.png */; };
		263DCD0517E0BF8E0077DD15 /* chevron-right@2x.png in Resources */ = {isa = PBXBuildFile; fileRef = 263DCD0117E0BF8E0077DD15 /* chevron-right@2x.png */; };
		263DCD0F17E314E90077DD15 /* arrow_out.png in Resources */ = {isa = PBXBuildFile; fileRef = 263DCD0917E314E90077DD15 /* arrow_out.png */; };
		263DCD1017E314E90077DD15 /* arrow_out@2x.png in Resources */ = {isa = PBXBuildFile; fileRef = 263DCD0A17E314E90077DD15 /* arrow_out@2x.png */; };
		263DCD1117E314E90077DD15 /* next.png in Resources */ = {isa = PBXBuildFile; fileRef = 263DCD0B17E314E90077DD15 /* next.png */; };
		263DCD1217E314E90077DD15 /* next@2x.png in Resources */ = {isa = PBXBuildFile; fileRef = 263DCD0C17E314E90077DD15 /* next@2x.png */; };
		263DCD1317E314E90077DD15 /* previous.png in Resources */ = {isa = PBXBuildFile; fileRef = 263DCD0D17E314E90077DD15 /* previous.png */; };
		263DCD1417E314E90077DD15 /* previous@2x.png in Resources */ = {isa = PBXBuildFile; fileRef = 263DCD0E17E314E90077DD15 /* previous@2x.png */; };
		264C853A17E44E7800E2A09E /* UnderplanTabBarController.m in Sources */ = {isa = PBXBuildFile; fileRef = 264C853917E44E7800E2A09E /* UnderplanTabBarController.m */; };
		26659053179EE51E001EFABF /* UIKit.framework in Frameworks */ = {isa = PBXBuildFile; fileRef = 26659052179EE51E001EFABF /* UIKit.framework */; };
		26659055179EE51E001EFABF /* Foundation.framework in Frameworks */ = {isa = PBXBuildFile; fileRef = 26659054179EE51E001EFABF /* Foundation.framework */; };
		2665905D179EE51E001EFABF /* InfoPlist.strings in Resources */ = {isa = PBXBuildFile; fileRef = 2665905B179EE51E001EFABF /* InfoPlist.strings */; };
		2665905F179EE51E001EFABF /* main.m in Sources */ = {isa = PBXBuildFile; fileRef = 2665905E179EE51E001EFABF /* main.m */; };
		26659063179EE51E001EFABF /* UnderplanAppDelegate.m in Sources */ = {isa = PBXBuildFile; fileRef = 26659062179EE51E001EFABF /* UnderplanAppDelegate.m */; };
		26659065179EE51E001EFABF /* Default.png in Resources */ = {isa = PBXBuildFile; fileRef = 26659064179EE51E001EFABF /* Default.png */; };
		26659067179EE51E001EFABF /* Default@2x.png in Resources */ = {isa = PBXBuildFile; fileRef = 26659066179EE51E001EFABF /* Default@2x.png */; };
		26659069179EE51E001EFABF /* Default-568h@2x.png in Resources */ = {isa = PBXBuildFile; fileRef = 26659068179EE51E001EFABF /* Default-568h@2x.png */; };
		2665906C179EE51E001EFABF /* MainStoryboard_iPhone.storyboard in Resources */ = {isa = PBXBuildFile; fileRef = 2665906A179EE51E001EFABF /* MainStoryboard_iPhone.storyboard */; };
		2665906F179EE51E001EFABF /* MainStoryboard_iPad.storyboard in Resources */ = {isa = PBXBuildFile; fileRef = 2665906D179EE51E001EFABF /* MainStoryboard_iPad.storyboard */; };
		26659072179EE51E001EFABF /* MasterViewController.m in Sources */ = {isa = PBXBuildFile; fileRef = 26659071179EE51E001EFABF /* MasterViewController.m */; };
		26659075179EE51E001EFABF /* ActivityListViewController.m in Sources */ = {isa = PBXBuildFile; fileRef = 26659074179EE51E001EFABF /* ActivityListViewController.m */; };
		2665907D179EE51E001EFABF /* SenTestingKit.framework in Frameworks */ = {isa = PBXBuildFile; fileRef = 2665907C179EE51E001EFABF /* SenTestingKit.framework */; };
		2665907E179EE51E001EFABF /* UIKit.framework in Frameworks */ = {isa = PBXBuildFile; fileRef = 26659052179EE51E001EFABF /* UIKit.framework */; };
		2665907F179EE51E001EFABF /* Foundation.framework in Frameworks */ = {isa = PBXBuildFile; fileRef = 26659054179EE51E001EFABF /* Foundation.framework */; };
		26659087179EE51E001EFABF /* InfoPlist.strings in Resources */ = {isa = PBXBuildFile; fileRef = 26659085179EE51E001EFABF /* InfoPlist.strings */; };
		2665908A179EE51E001EFABF /* UnderplanTests.m in Sources */ = {isa = PBXBuildFile; fileRef = 26659089179EE51E001EFABF /* UnderplanTests.m */; };
		266590A5179EE816001EFABF /* libicucore.dylib in Frameworks */ = {isa = PBXBuildFile; fileRef = 266590A4179EE816001EFABF /* libicucore.dylib */; };
		266590A7179EE81B001EFABF /* Security.framework in Frameworks */ = {isa = PBXBuildFile; fileRef = 266590A6179EE81B001EFABF /* Security.framework */; };
		266590A9179EE827001EFABF /* CFNetwork.framework in Frameworks */ = {isa = PBXBuildFile; fileRef = 266590A8179EE827001EFABF /* CFNetwork.framework */; };
		266590B3179FBD77001EFABF /* MapKit.framework in Frameworks */ = {isa = PBXBuildFile; fileRef = 266590B2179FBD77001EFABF /* MapKit.framework */; };
		266590B6179FC5BC001EFABF /* ActivityFeedAnnotation.m in Sources */ = {isa = PBXBuildFile; fileRef = 266590B5179FC5BC001EFABF /* ActivityFeedAnnotation.m */; };
		266590B9179FEC8E001EFABF /* UnderplanUserItemView.m in Sources */ = {isa = PBXBuildFile; fileRef = 266590B8179FEC8E001EFABF /* UnderplanUserItemView.m */; };
		266590BE17A01447001EFABF /* ActivityViewController.m in Sources */ = {isa = PBXBuildFile; fileRef = 266590BD17A01447001EFABF /* ActivityViewController.m */; };
		26848EF917B871B90021E247 /* UITabBarController+ShowHideBar.m in Sources */ = {isa = PBXBuildFile; fileRef = 26848EF717B871B90021E247 /* UITabBarController+ShowHideBar.m */; };
		26A12C0E17C7825C006B619E /* UnderplanApiClient.m in Sources */ = {isa = PBXBuildFile; fileRef = 26A12C0D17C7825C006B619E /* UnderplanApiClient.m */; };
		26A12C1417C9F852006B619E /* UIViewController+UnderplanApiNotifications.m in Sources */ = {isa = PBXBuildFile; fileRef = 26A12C1317C9F852006B619E /* UIViewController+UnderplanApiNotifications.m */; };
		26A12C1717CBC876006B619E /* SharedApiClient.m in Sources */ = {isa = PBXBuildFile; fileRef = 26A12C1617CBC876006B619E /* SharedApiClient.m */; };
		26A1D5C917A05B9E00526060 /* CoreText.framework in Frameworks */ = {isa = PBXBuildFile; fileRef = 26A1D5C817A05B9E00526060 /* CoreText.framework */; };
		26A1D5CB17A060B300526060 /* dash_bg_3.jpg in Resources */ = {isa = PBXBuildFile; fileRef = 26A1D5CA17A060B300526060 /* dash_bg_3.jpg */; };
		26A1D5CD17A1225500526060 /* ImageIO.framework in Frameworks */ = {isa = PBXBuildFile; fileRef = 26A1D5CC17A1225500526060 /* ImageIO.framework */; };
		26A1D5D417A12F3C00526060 /* User.m in Sources */ = {isa = PBXBuildFile; fileRef = 26A1D5D317A12F3C00526060 /* User.m */; };
		26A1D5D817A1B5E300526060 /* CommentsViewController.m in Sources */ = {isa = PBXBuildFile; fileRef = 26A1D5D717A1B5E300526060 /* CommentsViewController.m */; };
		26AAAAA117D1EFE200944DAC /* photos_full.png in Resources */ = {isa = PBXBuildFile; fileRef = 26AAAA9F17D1EFE200944DAC /* photos_full.png */; };
		26AAAAA217D1EFE200944DAC /* photos.png in Resources */ = {isa = PBXBuildFile; fileRef = 26AAAAA017D1EFE200944DAC /* photos.png */; };
		26AAAAA517D1F00700944DAC /* calendar.png in Resources */ = {isa = PBXBuildFile; fileRef = 26AAAAA317D1F00700944DAC /* calendar.png */; };
		26AAAAA617D1F00700944DAC /* calendar_full.png in Resources */ = {isa = PBXBuildFile; fileRef = 26AAAAA417D1F00700944DAC /* calendar_full.png */; };
		26AAAAA917D1F01D00944DAC /* camera_full.png in Resources */ = {isa = PBXBuildFile; fileRef = 26AAAAA717D1F01D00944DAC /* camera_full.png */; };
		26AAAAAA17D1F01D00944DAC /* camera.png in Resources */ = {isa = PBXBuildFile; fileRef = 26AAAAA817D1F01D00944DAC /* camera.png */; };
		26AAAAAC17D1F05600944DAC /* list.png in Resources */ = {isa = PBXBuildFile; fileRef = 26AAAAAB17D1F05600944DAC /* list.png */; };
		26AAAAAE17D1F06400944DAC /* pin.png in Resources */ = {isa = PBXBuildFile; fileRef = 26AAAAAD17D1F06400944DAC /* pin.png */; };
		26AAAAB017D1F07300944DAC /* comments.png in Resources */ = {isa = PBXBuildFile; fileRef = 26AAAAAF17D1F07300944DAC /* comments.png */; };
		26AAAAB217D1F07F00944DAC /* album.png in Resources */ = {isa = PBXBuildFile; fileRef = 26AAAAB117D1F07F00944DAC /* album.png */; };
		26AAAABD17D1F11900944DAC /* album@2x.png in Resources */ = {isa = PBXBuildFile; fileRef = 26AAAAB317D1F11900944DAC /* album@2x.png */; };
		26AAAABE17D1F11900944DAC /* calendar_full@2x.png in Resources */ = {isa = PBXBuildFile; fileRef = 26AAAAB417D1F11900944DAC /* calendar_full@2x.png */; };
		26AAAABF17D1F11900944DAC /* calendar@2x.png in Resources */ = {isa = PBXBuildFile; fileRef = 26AAAAB517D1F11900944DAC /* calendar@2x.png */; };
		26AAAAC017D1F11900944DAC /* camera_full@2x.png in Resources */ = {isa = PBXBuildFile; fileRef = 26AAAAB617D1F11900944DAC /* camera_full@2x.png */; };
		26AAAAC117D1F11900944DAC /* comment-btn@2x.png in Resources */ = {isa = PBXBuildFile; fileRef = 26AAAAB717D1F11900944DAC /* comment-btn@2x.png */; };
		26AAAAC217D1F11900944DAC /* comments@2x.png in Resources */ = {isa = PBXBuildFile; fileRef = 26AAAAB817D1F11900944DAC /* comments@2x.png */; };
		26AAAAC317D1F11900944DAC /* list@2x.png in Resources */ = {isa = PBXBuildFile; fileRef = 26AAAAB917D1F11900944DAC /* list@2x.png */; };
		26AAAAC417D1F11900944DAC /* photos_full@2x.png in Resources */ = {isa = PBXBuildFile; fileRef = 26AAAABA17D1F11900944DAC /* photos_full@2x.png */; };
		26AAAAC517D1F11900944DAC /* photos@2x.png in Resources */ = {isa = PBXBuildFile; fileRef = 26AAAABB17D1F11900944DAC /* photos@2x.png */; };
		26AAAAC617D1F11900944DAC /* pin@2x.png in Resources */ = {isa = PBXBuildFile; fileRef = 26AAAABC17D1F11900944DAC /* pin@2x.png */; };
		26AAAAC817D1F14D00944DAC /* camera@2x.png in Resources */ = {isa = PBXBuildFile; fileRef = 26AAAAC717D1F14D00944DAC /* camera@2x.png */; };
		26AAAACA17D1F1C600944DAC /* pin_full@2x.png in Resources */ = {isa = PBXBuildFile; fileRef = 26AAAAC917D1F1C600944DAC /* pin_full@2x.png */; };
		26AAAACC17D1F1F600944DAC /* comment-btn.png in Resources */ = {isa = PBXBuildFile; fileRef = 26AAAACB17D1F1F600944DAC /* comment-btn.png */; };
		26AAAACF17D1FEAB00944DAC /* UIColor+Underplan.m in Sources */ = {isa = PBXBuildFile; fileRef = 26AAAACE17D1FEAB00944DAC /* UIColor+Underplan.m */; };
		26AAAAD217D202F800944DAC /* UnderplanTableViewCell.m in Sources */ = {isa = PBXBuildFile; fileRef = 26AAAAD117D202F800944DAC /* UnderplanTableViewCell.m */; };
		26AAAAD517D20FF900944DAC /* UnderplanShortView.m in Sources */ = {isa = PBXBuildFile; fileRef = 26AAAAD417D20FF900944DAC /* UnderplanShortView.m */; };
		26AAAADA17D347F100944DAC /* UnderplanStoryItemCell.m in Sources */ = {isa = PBXBuildFile; fileRef = 26AAAAD917D347F100944DAC /* UnderplanStoryItemCell.m */; };
		26AAAADD17D3497000944DAC /* UnderplanShortItemCell.m in Sources */ = {isa = PBXBuildFile; fileRef = 26AAAADC17D3497000944DAC /* UnderplanShortItemCell.m */; };
		26AAAAE017D349F200944DAC /* UnderplanView.m in Sources */ = {isa = PBXBuildFile; fileRef = 26AAAADF17D349F200944DAC /* UnderplanView.m */; };
		26AAAAE317D431CF00944DAC /* UnderplanCommentItemCell.m in Sources */ = {isa = PBXBuildFile; fileRef = 26AAAAE217D431CF00944DAC /* UnderplanCommentItemCell.m */; };
		26AAAAF317D8EB2600944DAC /* Icon-30@2x.png in Resources */ = {isa = PBXBuildFile; fileRef = 26AAAAE417D8EB2600944DAC /* Icon-30@2x.png */; };
		26AAAAF417D8EB2600944DAC /* Icon-60@2x.png in Resources */ = {isa = PBXBuildFile; fileRef = 26AAAAE517D8EB2600944DAC /* Icon-60@2x.png */; };
		26AAAAF517D8EB2600944DAC /* Icon-72.png in Resources */ = {isa = PBXBuildFile; fileRef = 26AAAAE617D8EB2600944DAC /* Icon-72.png */; };
		26AAAAF617D8EB2600944DAC /* Icon-72@2x.png in Resources */ = {isa = PBXBuildFile; fileRef = 26AAAAE717D8EB2600944DAC /* Icon-72@2x.png */; };
		26AAAAF717D8EB2600944DAC /* Icon-Small-50.png in Resources */ = {isa = PBXBuildFile; fileRef = 26AAAAE817D8EB2600944DAC /* Icon-Small-50.png */; };
		26AAAAF817D8EB2600944DAC /* Icon-Small.png in Resources */ = {isa = PBXBuildFile; fileRef = 26AAAAE917D8EB2600944DAC /* Icon-Small.png */; };
		26AAAAF917D8EB2600944DAC /* Icon-Small@2x.png in Resources */ = {isa = PBXBuildFile; fileRef = 26AAAAEA17D8EB2600944DAC /* Icon-Small@2x.png */; };
		26AAAAFA17D8EB2600944DAC /* Icon-Spotlight-20@2x.png in Resources */ = {isa = PBXBuildFile; fileRef = 26AAAAEB17D8EB2600944DAC /* Icon-Spotlight-20@2x.png */; };
		26AAAAFB17D8EB2600944DAC /* Icon-Spotlight-40.png in Resources */ = {isa = PBXBuildFile; fileRef = 26AAAAEC17D8EB2600944DAC /* Icon-Spotlight-40.png */; };
		26AAAAFC17D8EB2600944DAC /* Icon-Spotlight-40@2x.png in Resources */ = {isa = PBXBuildFile; fileRef = 26AAAAED17D8EB2600944DAC /* Icon-Spotlight-40@2x.png */; };
		26AAAAFD17D8EB2600944DAC /* Icon-Spotlight-50.png in Resources */ = {isa = PBXBuildFile; fileRef = 26AAAAEE17D8EB2600944DAC /* Icon-Spotlight-50.png */; };
		26AAAAFE17D8EB2600944DAC /* Icon-Spotlight-50@2x.png in Resources */ = {isa = PBXBuildFile; fileRef = 26AAAAEF17D8EB2600944DAC /* Icon-Spotlight-50@2x.png */; };
		26AAAAFF17D8EB2600944DAC /* Icon.png in Resources */ = {isa = PBXBuildFile; fileRef = 26AAAAF017D8EB2600944DAC /* Icon.png */; };
		26AAAB0017D8EB2600944DAC /* Icon@2x.png in Resources */ = {isa = PBXBuildFile; fileRef = 26AAAAF117D8EB2600944DAC /* Icon@2x.png */; };
		26AAAB0117D8EB2600944DAC /* logo.png in Resources */ = {isa = PBXBuildFile; fileRef = 26AAAAF217D8EB2600944DAC /* logo.png */; };
		26AAAB0417D9043D00944DAC /* bg_iphone4@2x.png in Resources */ = {isa = PBXBuildFile; fileRef = 26AAAB0217D9043D00944DAC /* bg_iphone4@2x.png */; };
		26AAAB0517D9043D00944DAC /* bg_iphone5.png in Resources */ = {isa = PBXBuildFile; fileRef = 26AAAB0317D9043D00944DAC /* bg_iphone5.png */; };
		26AAAB0817DDBDD300944DAC /* MessageUI.framework in Frameworks */ = {isa = PBXBuildFile; fileRef = 26AAAB0717DDBDD300944DAC /* MessageUI.framework */; };
		26EA950717B5121F003E31CA /* ActivityMapViewController.m in Sources */ = {isa = PBXBuildFile; fileRef = 26EA950617B5121E003E31CA /* ActivityMapViewController.m */; };
		26EA950F17B52014003E31CA /* GroupViewController.m in Sources */ = {isa = PBXBuildFile; fileRef = 26EA950E17B52013003E31CA /* GroupViewController.m */; };
		26EA951217B54220003E31CA /* transparent-bg.png in Resources */ = {isa = PBXBuildFile; fileRef = 26EA951117B54220003E31CA /* transparent-bg.png */; };
		26EA952017B65429003E31CA /* UnderplanViewController.m in Sources */ = {isa = PBXBuildFile; fileRef = 26EA951F17B65429003E31CA /* UnderplanViewController.m */; };
		26EE72ED17CF43170028639E /* GroupItemViewCell.m in Sources */ = {isa = PBXBuildFile; fileRef = 26EE72EC17CF43170028639E /* GroupItemViewCell.m */; };
		26EE72F017CF86450028639E /* UnderplanStoryView.m in Sources */ = {isa = PBXBuildFile; fileRef = 26EE72EF17CF86450028639E /* UnderplanStoryView.m */; };
		26EE72F317CF97440028639E /* BannerView.m in Sources */ = {isa = PBXBuildFile; fileRef = 26EE72F217CF97440028639E /* BannerView.m */; };
		26EE72F617CF9F280028639E /* chat@2x.png in Resources */ = {isa = PBXBuildFile; fileRef = 26EE72F417CF9F280028639E /* chat@2x.png */; };
		26EE72F717CF9F280028639E /* chat.png in Resources */ = {isa = PBXBuildFile; fileRef = 26EE72F517CF9F280028639E /* chat.png */; };
		26EE730617CFA2A80028639E /* GalleryViewController.m in Sources */ = {isa = PBXBuildFile; fileRef = 26EE730517CFA2A80028639E /* GalleryViewController.m */; };
		26EE731517CFB4D30028639E /* bg_iphone5.jpg in Resources */ = {isa = PBXBuildFile; fileRef = 26EE731317CFB4D30028639E /* bg_iphone5.jpg */; };
		26EE731617CFB4D30028639E /* bg_iphone4.jpg in Resources */ = {isa = PBXBuildFile; fileRef = 26EE731417CFB4D30028639E /* bg_iphone4.jpg */; };
		26EE731917CFBDB70028639E /* GalleryViewCell.m in Sources */ = {isa = PBXBuildFile; fileRef = 26EE731817CFBDB70028639E /* GalleryViewCell.m */; };
		26EE732117CFC3020028639E /* Gallery.m in Sources */ = {isa = PBXBuildFile; fileRef = 26EE732017CFC3020028639E /* Gallery.m */; };
		26EE738217D175F20028639E /* ActivityTabBarController.m in Sources */ = {isa = PBXBuildFile; fileRef = 26EE738117D175F20028639E /* ActivityTabBarController.m */; };
		26F9A91417AA8A81007B0CBB /* CoreData.framework in Frameworks */ = {isa = PBXBuildFile; fileRef = 26F9A91317AA8A81007B0CBB /* CoreData.framework */; };
/* End PBXBuildFile section */

/* Begin PBXContainerItemProxy section */
		26659080179EE51E001EFABF /* PBXContainerItemProxy */ = {
			isa = PBXContainerItemProxy;
			containerPortal = 26659047179EE51D001EFABF /* Project object */;
			proxyType = 1;
			remoteGlobalIDString = 2665904E179EE51D001EFABF;
			remoteInfo = Underplan;
		};
/* End PBXContainerItemProxy section */

/* Begin PBXFileReference section */
		26018CF717CE1A1A00D766A4 /* UnderplanItemDetailsView.xib */ = {isa = PBXFileReference; fileEncoding = 4; lastKnownFileType = file.xib; path = UnderplanItemDetailsView.xib; sourceTree = "<group>"; };
		26018CF917CE300600D766A4 /* UnderplanItemDetailsView.h */ = {isa = PBXFileReference; fileEncoding = 4; lastKnownFileType = sourcecode.c.h; path = UnderplanItemDetailsView.h; sourceTree = "<group>"; };
		26018CFA17CE300600D766A4 /* UnderplanItemDetailsView.m */ = {isa = PBXFileReference; fileEncoding = 4; lastKnownFileType = sourcecode.c.objc; path = UnderplanItemDetailsView.m; sourceTree = "<group>"; };
		26018CFD17CE781F00D766A4 /* UILabel+VerticalAlign.h */ = {isa = PBXFileReference; fileEncoding = 4; lastKnownFileType = sourcecode.c.h; path = "UILabel+VerticalAlign.h"; sourceTree = "<group>"; };
		26018CFE17CE781F00D766A4 /* UILabel+VerticalAlign.m */ = {isa = PBXFileReference; fileEncoding = 4; lastKnownFileType = sourcecode.c.objc; path = "UILabel+VerticalAlign.m"; sourceTree = "<group>"; };
		26018D0117CEAA7300D766A4 /* QuartzCore.framework */ = {isa = PBXFileReference; lastKnownFileType = wrapper.framework; name = QuartzCore.framework; path = System/Library/Frameworks/QuartzCore.framework; sourceTree = SDKROOT; };
		26018D0317CECF0900D766A4 /* Comment.h */ = {isa = PBXFileReference; fileEncoding = 4; lastKnownFileType = sourcecode.c.h; path = Comment.h; sourceTree = "<group>"; };
		26018D0417CECF0900D766A4 /* Comment.m */ = {isa = PBXFileReference; fileEncoding = 4; lastKnownFileType = sourcecode.c.objc; path = Comment.m; sourceTree = "<group>"; };
		26072D0217CF3CBB0073B74B /* Images.xcassets */ = {isa = PBXFileReference; lastKnownFileType = folder.assetcatalog; path = Images.xcassets; sourceTree = "<group>"; };
		260CFC7F17B1543800FC7787 /* Activity.h */ = {isa = PBXFileReference; fileEncoding = 4; lastKnownFileType = sourcecode.c.h; path = Activity.h; sourceTree = "<group>"; };
		260CFC8017B1543800FC7787 /* Activity.m */ = {isa = PBXFileReference; fileEncoding = 4; lastKnownFileType = sourcecode.c.objc; path = Activity.m; sourceTree = "<group>"; };
		260CFC8217B16CC400FC7787 /* Group.h */ = {isa = PBXFileReference; fileEncoding = 4; lastKnownFileType = sourcecode.c.h; path = Group.h; sourceTree = "<group>"; };
		260CFC8317B16CC400FC7787 /* Group.m */ = {isa = PBXFileReference; fileEncoding = 4; lastKnownFileType = sourcecode.c.objc; path = Group.m; sourceTree = "<group>"; };
		260CFC8517B2803F00FC7787 /* MeteorModel.h */ = {isa = PBXFileReference; fileEncoding = 4; lastKnownFileType = sourcecode.c.h; path = MeteorModel.h; sourceTree = "<group>"; };
		260CFC8617B2803F00FC7787 /* MeteorModel.m */ = {isa = PBXFileReference; fileEncoding = 4; lastKnownFileType = sourcecode.c.objc; path = MeteorModel.m; sourceTree = "<group>"; };
		260CFC8817B294C400FC7787 /* Photo.h */ = {isa = PBXFileReference; fileEncoding = 4; lastKnownFileType = sourcecode.c.h; path = Photo.h; sourceTree = "<group>"; };
		260CFC8917B294C400FC7787 /* Photo.m */ = {isa = PBXFileReference; fileEncoding = 4; lastKnownFileType = sourcecode.c.objc; path = Photo.m; sourceTree = "<group>"; };
		260CFC8B17B29F7100FC7787 /* pano_image.jpg */ = {isa = PBXFileReference; lastKnownFileType = image.jpeg; path = pano_image.jpg; sourceTree = "<group>"; };
		2621FAF717DF50EA00E20D85 /* UnderplanSlideshowController.h */ = {isa = PBXFileReference; fileEncoding = 4; lastKnownFileType = sourcecode.c.h; path = UnderplanSlideshowController.h; sourceTree = "<group>"; };
		2621FAF817DF50EA00E20D85 /* UnderplanSlideshowController.m */ = {isa = PBXFileReference; fileEncoding = 4; lastKnownFileType = sourcecode.c.objc; path = UnderplanSlideshowController.m; sourceTree = "<group>"; };
		263DCCFE17E0BF8E0077DD15 /* chevron-left.png */ = {isa = PBXFileReference; lastKnownFileType = image.png; path = "chevron-left.png"; sourceTree = "<group>"; };
		263DCCFF17E0BF8E0077DD15 /* chevron-left@2x.png */ = {isa = PBXFileReference; lastKnownFileType = image.png; path = "chevron-left@2x.png"; sourceTree = "<group>"; };
		263DCD0017E0BF8E0077DD15 /* chevron-right.png */ = {isa = PBXFileReference; lastKnownFileType = image.png; path = "chevron-right.png"; sourceTree = "<group>"; };
		263DCD0117E0BF8E0077DD15 /* chevron-right@2x.png */ = {isa = PBXFileReference; lastKnownFileType = image.png; path = "chevron-right@2x.png"; sourceTree = "<group>"; };
		263DCD0817E24D110077DD15 /* UnderplanGroupAwareDelegate.h */ = {isa = PBXFileReference; lastKnownFileType = sourcecode.c.h; path = UnderplanGroupAwareDelegate.h; sourceTree = "<group>"; };
		263DCD0917E314E90077DD15 /* arrow_out.png */ = {isa = PBXFileReference; lastKnownFileType = image.png; path = arrow_out.png; sourceTree = "<group>"; };
		263DCD0A17E314E90077DD15 /* arrow_out@2x.png */ = {isa = PBXFileReference; lastKnownFileType = image.png; path = "arrow_out@2x.png"; sourceTree = "<group>"; };
		263DCD0B17E314E90077DD15 /* next.png */ = {isa = PBXFileReference; lastKnownFileType = image.png; path = next.png; sourceTree = "<group>"; };
		263DCD0C17E314E90077DD15 /* next@2x.png */ = {isa = PBXFileReference; lastKnownFileType = image.png; path = "next@2x.png"; sourceTree = "<group>"; };
		263DCD0D17E314E90077DD15 /* previous.png */ = {isa = PBXFileReference; lastKnownFileType = image.png; path = previous.png; sourceTree = "<group>"; };
		263DCD0E17E314E90077DD15 /* previous@2x.png */ = {isa = PBXFileReference; lastKnownFileType = image.png; path = "previous@2x.png"; sourceTree = "<group>"; };
		264C853817E44E7800E2A09E /* UnderplanTabBarController.h */ = {isa = PBXFileReference; fileEncoding = 4; lastKnownFileType = sourcecode.c.h; path = UnderplanTabBarController.h; sourceTree = "<group>"; };
		264C853917E44E7800E2A09E /* UnderplanTabBarController.m */ = {isa = PBXFileReference; fileEncoding = 4; lastKnownFileType = sourcecode.c.objc; path = UnderplanTabBarController.m; sourceTree = "<group>"; };
		2665904F179EE51E001EFABF /* Underplan.app */ = {isa = PBXFileReference; explicitFileType = wrapper.application; includeInIndex = 0; path = Underplan.app; sourceTree = BUILT_PRODUCTS_DIR; };
		26659052179EE51E001EFABF /* UIKit.framework */ = {isa = PBXFileReference; lastKnownFileType = wrapper.framework; name = UIKit.framework; path = System/Library/Frameworks/UIKit.framework; sourceTree = SDKROOT; };
		26659054179EE51E001EFABF /* Foundation.framework */ = {isa = PBXFileReference; lastKnownFileType = wrapper.framework; name = Foundation.framework; path = System/Library/Frameworks/Foundation.framework; sourceTree = SDKROOT; };
		26659056179EE51E001EFABF /* CoreGraphics.framework */ = {isa = PBXFileReference; lastKnownFileType = wrapper.framework; name = CoreGraphics.framework; path = System/Library/Frameworks/CoreGraphics.framework; sourceTree = SDKROOT; };
		2665905A179EE51E001EFABF /* Underplan-Info.plist */ = {isa = PBXFileReference; lastKnownFileType = text.plist.xml; path = "Underplan-Info.plist"; sourceTree = "<group>"; };
		2665905C179EE51E001EFABF /* en */ = {isa = PBXFileReference; lastKnownFileType = text.plist.strings; name = en; path = en.lproj/InfoPlist.strings; sourceTree = "<group>"; };
		2665905E179EE51E001EFABF /* main.m */ = {isa = PBXFileReference; lastKnownFileType = sourcecode.c.objc; path = main.m; sourceTree = "<group>"; };
		26659060179EE51E001EFABF /* Underplan-Prefix.pch */ = {isa = PBXFileReference; lastKnownFileType = sourcecode.c.h; path = "Underplan-Prefix.pch"; sourceTree = "<group>"; };
		26659061179EE51E001EFABF /* UnderplanAppDelegate.h */ = {isa = PBXFileReference; lastKnownFileType = sourcecode.c.h; path = UnderplanAppDelegate.h; sourceTree = "<group>"; };
		26659062179EE51E001EFABF /* UnderplanAppDelegate.m */ = {isa = PBXFileReference; lastKnownFileType = sourcecode.c.objc; path = UnderplanAppDelegate.m; sourceTree = "<group>"; };
		26659064179EE51E001EFABF /* Default.png */ = {isa = PBXFileReference; lastKnownFileType = image.png; path = Default.png; sourceTree = "<group>"; };
		26659066179EE51E001EFABF /* Default@2x.png */ = {isa = PBXFileReference; lastKnownFileType = image.png; path = "Default@2x.png"; sourceTree = "<group>"; };
		26659068179EE51E001EFABF /* Default-568h@2x.png */ = {isa = PBXFileReference; lastKnownFileType = image.png; path = "Default-568h@2x.png"; sourceTree = "<group>"; };
		2665906B179EE51E001EFABF /* en */ = {isa = PBXFileReference; lastKnownFileType = file.storyboard; name = en; path = en.lproj/MainStoryboard_iPhone.storyboard; sourceTree = "<group>"; };
		2665906E179EE51E001EFABF /* en */ = {isa = PBXFileReference; lastKnownFileType = file.storyboard; name = en; path = en.lproj/MainStoryboard_iPad.storyboard; sourceTree = "<group>"; };
		26659070179EE51E001EFABF /* MasterViewController.h */ = {isa = PBXFileReference; lastKnownFileType = sourcecode.c.h; path = MasterViewController.h; sourceTree = "<group>"; };
		26659071179EE51E001EFABF /* MasterViewController.m */ = {isa = PBXFileReference; lastKnownFileType = sourcecode.c.objc; path = MasterViewController.m; sourceTree = "<group>"; };
		26659073179EE51E001EFABF /* ActivityListViewController.h */ = {isa = PBXFileReference; lastKnownFileType = sourcecode.c.h; path = ActivityListViewController.h; sourceTree = "<group>"; };
		26659074179EE51E001EFABF /* ActivityListViewController.m */ = {isa = PBXFileReference; lastKnownFileType = sourcecode.c.objc; name = ActivityListViewController.m; path = Underplan/ActivityListViewController.m; sourceTree = SOURCE_ROOT; };
		2665907B179EE51E001EFABF /* UnderplanTests.octest */ = {isa = PBXFileReference; explicitFileType = wrapper.cfbundle; includeInIndex = 0; path = UnderplanTests.octest; sourceTree = BUILT_PRODUCTS_DIR; };
		2665907C179EE51E001EFABF /* SenTestingKit.framework */ = {isa = PBXFileReference; lastKnownFileType = wrapper.framework; name = SenTestingKit.framework; path = Library/Frameworks/SenTestingKit.framework; sourceTree = DEVELOPER_DIR; };
		26659084179EE51E001EFABF /* UnderplanTests-Info.plist */ = {isa = PBXFileReference; lastKnownFileType = text.plist.xml; path = "UnderplanTests-Info.plist"; sourceTree = "<group>"; };
		26659086179EE51E001EFABF /* en */ = {isa = PBXFileReference; lastKnownFileType = text.plist.strings; name = en; path = en.lproj/InfoPlist.strings; sourceTree = "<group>"; };
		26659088179EE51E001EFABF /* UnderplanTests.h */ = {isa = PBXFileReference; lastKnownFileType = sourcecode.c.h; path = UnderplanTests.h; sourceTree = "<group>"; };
		26659089179EE51E001EFABF /* UnderplanTests.m */ = {isa = PBXFileReference; lastKnownFileType = sourcecode.c.objc; path = UnderplanTests.m; sourceTree = "<group>"; };
		266590A4179EE816001EFABF /* libicucore.dylib */ = {isa = PBXFileReference; lastKnownFileType = "compiled.mach-o.dylib"; name = libicucore.dylib; path = usr/lib/libicucore.dylib; sourceTree = SDKROOT; };
		266590A6179EE81B001EFABF /* Security.framework */ = {isa = PBXFileReference; lastKnownFileType = wrapper.framework; name = Security.framework; path = System/Library/Frameworks/Security.framework; sourceTree = SDKROOT; };
		266590A8179EE827001EFABF /* CFNetwork.framework */ = {isa = PBXFileReference; lastKnownFileType = wrapper.framework; name = CFNetwork.framework; path = System/Library/Frameworks/CFNetwork.framework; sourceTree = SDKROOT; };
		266590B2179FBD77001EFABF /* MapKit.framework */ = {isa = PBXFileReference; lastKnownFileType = wrapper.framework; name = MapKit.framework; path = System/Library/Frameworks/MapKit.framework; sourceTree = SDKROOT; };
		266590B4179FC5BC001EFABF /* ActivityFeedAnnotation.h */ = {isa = PBXFileReference; fileEncoding = 4; lastKnownFileType = sourcecode.c.h; path = ActivityFeedAnnotation.h; sourceTree = "<group>"; };
		266590B5179FC5BC001EFABF /* ActivityFeedAnnotation.m */ = {isa = PBXFileReference; fileEncoding = 4; lastKnownFileType = sourcecode.c.objc; path = ActivityFeedAnnotation.m; sourceTree = "<group>"; };
		266590B7179FEC8E001EFABF /* UnderplanUserItemView.h */ = {isa = PBXFileReference; fileEncoding = 4; lastKnownFileType = sourcecode.c.h; path = UnderplanUserItemView.h; sourceTree = "<group>"; };
		266590B8179FEC8E001EFABF /* UnderplanUserItemView.m */ = {isa = PBXFileReference; fileEncoding = 4; lastKnownFileType = sourcecode.c.objc; path = UnderplanUserItemView.m; sourceTree = "<group>"; };
		266590BC17A01447001EFABF /* ActivityViewController.h */ = {isa = PBXFileReference; fileEncoding = 4; lastKnownFileType = sourcecode.c.h; path = ActivityViewController.h; sourceTree = "<group>"; };
		266590BD17A01447001EFABF /* ActivityViewController.m */ = {isa = PBXFileReference; fileEncoding = 4; lastKnownFileType = sourcecode.c.objc; path = ActivityViewController.m; sourceTree = "<group>"; };
		26848EF717B871B90021E247 /* UITabBarController+ShowHideBar.m */ = {isa = PBXFileReference; fileEncoding = 4; lastKnownFileType = sourcecode.c.objc; path = "UITabBarController+ShowHideBar.m"; sourceTree = "<group>"; };
		26848EF817B871B90021E247 /* UITabBarController+ShowHideBar.h */ = {isa = PBXFileReference; fileEncoding = 4; lastKnownFileType = sourcecode.c.h; path = "UITabBarController+ShowHideBar.h"; sourceTree = "<group>"; };
		26A12C0C17C7825C006B619E /* UnderplanApiClient.h */ = {isa = PBXFileReference; fileEncoding = 4; lastKnownFileType = sourcecode.c.h; path = UnderplanApiClient.h; sourceTree = "<group>"; };
		26A12C0D17C7825C006B619E /* UnderplanApiClient.m */ = {isa = PBXFileReference; fileEncoding = 4; lastKnownFileType = sourcecode.c.objc; path = UnderplanApiClient.m; sourceTree = "<group>"; };
		26A12C1217C9F852006B619E /* UIViewController+UnderplanApiNotifications.h */ = {isa = PBXFileReference; fileEncoding = 4; lastKnownFileType = sourcecode.c.h; path = "UIViewController+UnderplanApiNotifications.h"; sourceTree = "<group>"; };
		26A12C1317C9F852006B619E /* UIViewController+UnderplanApiNotifications.m */ = {isa = PBXFileReference; fileEncoding = 4; lastKnownFileType = sourcecode.c.objc; path = "UIViewController+UnderplanApiNotifications.m"; sourceTree = "<group>"; };
		26A12C1517CBC876006B619E /* SharedApiClient.h */ = {isa = PBXFileReference; fileEncoding = 4; lastKnownFileType = sourcecode.c.h; path = SharedApiClient.h; sourceTree = "<group>"; };
		26A12C1617CBC876006B619E /* SharedApiClient.m */ = {isa = PBXFileReference; fileEncoding = 4; lastKnownFileType = sourcecode.c.objc; path = SharedApiClient.m; sourceTree = "<group>"; };
		26A1D5C817A05B9E00526060 /* CoreText.framework */ = {isa = PBXFileReference; lastKnownFileType = wrapper.framework; name = CoreText.framework; path = System/Library/Frameworks/CoreText.framework; sourceTree = SDKROOT; };
		26A1D5CA17A060B300526060 /* dash_bg_3.jpg */ = {isa = PBXFileReference; lastKnownFileType = image.jpeg; path = dash_bg_3.jpg; sourceTree = "<group>"; };
		26A1D5CC17A1225500526060 /* ImageIO.framework */ = {isa = PBXFileReference; lastKnownFileType = wrapper.framework; name = ImageIO.framework; path = System/Library/Frameworks/ImageIO.framework; sourceTree = SDKROOT; };
		26A1D5D217A12F3C00526060 /* User.h */ = {isa = PBXFileReference; fileEncoding = 4; lastKnownFileType = sourcecode.c.h; path = User.h; sourceTree = "<group>"; };
		26A1D5D317A12F3C00526060 /* User.m */ = {isa = PBXFileReference; fileEncoding = 4; lastKnownFileType = sourcecode.c.objc; path = User.m; sourceTree = "<group>"; };
		26A1D5D617A1B5E300526060 /* CommentsViewController.h */ = {isa = PBXFileReference; fileEncoding = 4; lastKnownFileType = sourcecode.c.h; path = CommentsViewController.h; sourceTree = "<group>"; };
		26A1D5D717A1B5E300526060 /* CommentsViewController.m */ = {isa = PBXFileReference; fileEncoding = 4; lastKnownFileType = sourcecode.c.objc; path = CommentsViewController.m; sourceTree = "<group>"; };
		26AAAA9F17D1EFE200944DAC /* photos_full.png */ = {isa = PBXFileReference; lastKnownFileType = image.png; path = photos_full.png; sourceTree = "<group>"; };
		26AAAAA017D1EFE200944DAC /* photos.png */ = {isa = PBXFileReference; lastKnownFileType = image.png; path = photos.png; sourceTree = "<group>"; };
		26AAAAA317D1F00700944DAC /* calendar.png */ = {isa = PBXFileReference; lastKnownFileType = image.png; path = calendar.png; sourceTree = "<group>"; };
		26AAAAA417D1F00700944DAC /* calendar_full.png */ = {isa = PBXFileReference; lastKnownFileType = image.png; path = calendar_full.png; sourceTree = "<group>"; };
		26AAAAA717D1F01D00944DAC /* camera_full.png */ = {isa = PBXFileReference; lastKnownFileType = image.png; path = camera_full.png; sourceTree = "<group>"; };
		26AAAAA817D1F01D00944DAC /* camera.png */ = {isa = PBXFileReference; lastKnownFileType = image.png; path = camera.png; sourceTree = "<group>"; };
		26AAAAAB17D1F05600944DAC /* list.png */ = {isa = PBXFileReference; lastKnownFileType = image.png; path = list.png; sourceTree = "<group>"; };
		26AAAAAD17D1F06400944DAC /* pin.png */ = {isa = PBXFileReference; lastKnownFileType = image.png; path = pin.png; sourceTree = "<group>"; };
		26AAAAAF17D1F07300944DAC /* comments.png */ = {isa = PBXFileReference; lastKnownFileType = image.png; path = comments.png; sourceTree = "<group>"; };
		26AAAAB117D1F07F00944DAC /* album.png */ = {isa = PBXFileReference; lastKnownFileType = image.png; path = album.png; sourceTree = "<group>"; };
		26AAAAB317D1F11900944DAC /* album@2x.png */ = {isa = PBXFileReference; lastKnownFileType = image.png; path = "album@2x.png"; sourceTree = "<group>"; };
		26AAAAB417D1F11900944DAC /* calendar_full@2x.png */ = {isa = PBXFileReference; lastKnownFileType = image.png; path = "calendar_full@2x.png"; sourceTree = "<group>"; };
		26AAAAB517D1F11900944DAC /* calendar@2x.png */ = {isa = PBXFileReference; lastKnownFileType = image.png; path = "calendar@2x.png"; sourceTree = "<group>"; };
		26AAAAB617D1F11900944DAC /* camera_full@2x.png */ = {isa = PBXFileReference; lastKnownFileType = image.png; path = "camera_full@2x.png"; sourceTree = "<group>"; };
		26AAAAB717D1F11900944DAC /* comment-btn@2x.png */ = {isa = PBXFileReference; lastKnownFileType = image.png; path = "comment-btn@2x.png"; sourceTree = "<group>"; };
		26AAAAB817D1F11900944DAC /* comments@2x.png */ = {isa = PBXFileReference; lastKnownFileType = image.png; path = "comments@2x.png"; sourceTree = "<group>"; };
		26AAAAB917D1F11900944DAC /* list@2x.png */ = {isa = PBXFileReference; lastKnownFileType = image.png; path = "list@2x.png"; sourceTree = "<group>"; };
		26AAAABA17D1F11900944DAC /* photos_full@2x.png */ = {isa = PBXFileReference; lastKnownFileType = image.png; path = "photos_full@2x.png"; sourceTree = "<group>"; };
		26AAAABB17D1F11900944DAC /* photos@2x.png */ = {isa = PBXFileReference; lastKnownFileType = image.png; path = "photos@2x.png"; sourceTree = "<group>"; };
		26AAAABC17D1F11900944DAC /* pin@2x.png */ = {isa = PBXFileReference; lastKnownFileType = image.png; path = "pin@2x.png"; sourceTree = "<group>"; };
		26AAAAC717D1F14D00944DAC /* camera@2x.png */ = {isa = PBXFileReference; lastKnownFileType = image.png; path = "camera@2x.png"; sourceTree = "<group>"; };
		26AAAAC917D1F1C600944DAC /* pin_full@2x.png */ = {isa = PBXFileReference; lastKnownFileType = image.png; path = "pin_full@2x.png"; sourceTree = "<group>"; };
		26AAAACB17D1F1F600944DAC /* comment-btn.png */ = {isa = PBXFileReference; lastKnownFileType = image.png; path = "comment-btn.png"; sourceTree = "<group>"; };
		26AAAACD17D1FEAB00944DAC /* UIColor+Underplan.h */ = {isa = PBXFileReference; fileEncoding = 4; lastKnownFileType = sourcecode.c.h; path = "UIColor+Underplan.h"; sourceTree = "<group>"; };
		26AAAACE17D1FEAB00944DAC /* UIColor+Underplan.m */ = {isa = PBXFileReference; fileEncoding = 4; lastKnownFileType = sourcecode.c.objc; path = "UIColor+Underplan.m"; sourceTree = "<group>"; };
		26AAAAD017D202F800944DAC /* UnderplanTableViewCell.h */ = {isa = PBXFileReference; fileEncoding = 4; lastKnownFileType = sourcecode.c.h; path = UnderplanTableViewCell.h; sourceTree = "<group>"; };
		26AAAAD117D202F800944DAC /* UnderplanTableViewCell.m */ = {isa = PBXFileReference; fileEncoding = 4; lastKnownFileType = sourcecode.c.objc; path = UnderplanTableViewCell.m; sourceTree = "<group>"; };
		26AAAAD317D20FF900944DAC /* UnderplanShortView.h */ = {isa = PBXFileReference; fileEncoding = 4; lastKnownFileType = sourcecode.c.h; path = UnderplanShortView.h; sourceTree = "<group>"; };
		26AAAAD417D20FF900944DAC /* UnderplanShortView.m */ = {isa = PBXFileReference; fileEncoding = 4; lastKnownFileType = sourcecode.c.objc; path = UnderplanShortView.m; sourceTree = "<group>"; };
		26AAAAD817D347F100944DAC /* UnderplanStoryItemCell.h */ = {isa = PBXFileReference; fileEncoding = 4; lastKnownFileType = sourcecode.c.h; path = UnderplanStoryItemCell.h; sourceTree = "<group>"; };
		26AAAAD917D347F100944DAC /* UnderplanStoryItemCell.m */ = {isa = PBXFileReference; fileEncoding = 4; lastKnownFileType = sourcecode.c.objc; path = UnderplanStoryItemCell.m; sourceTree = "<group>"; };
		26AAAADB17D3497000944DAC /* UnderplanShortItemCell.h */ = {isa = PBXFileReference; fileEncoding = 4; lastKnownFileType = sourcecode.c.h; path = UnderplanShortItemCell.h; sourceTree = "<group>"; };
		26AAAADC17D3497000944DAC /* UnderplanShortItemCell.m */ = {isa = PBXFileReference; fileEncoding = 4; lastKnownFileType = sourcecode.c.objc; path = UnderplanShortItemCell.m; sourceTree = "<group>"; };
		26AAAADE17D349F200944DAC /* UnderplanView.h */ = {isa = PBXFileReference; fileEncoding = 4; lastKnownFileType = sourcecode.c.h; path = UnderplanView.h; sourceTree = "<group>"; };
		26AAAADF17D349F200944DAC /* UnderplanView.m */ = {isa = PBXFileReference; fileEncoding = 4; lastKnownFileType = sourcecode.c.objc; path = UnderplanView.m; sourceTree = "<group>"; };
		26AAAAE117D431CE00944DAC /* UnderplanCommentItemCell.h */ = {isa = PBXFileReference; fileEncoding = 4; lastKnownFileType = sourcecode.c.h; path = UnderplanCommentItemCell.h; sourceTree = "<group>"; };
		26AAAAE217D431CF00944DAC /* UnderplanCommentItemCell.m */ = {isa = PBXFileReference; fileEncoding = 4; lastKnownFileType = sourcecode.c.objc; path = UnderplanCommentItemCell.m; sourceTree = "<group>"; };
		26AAAAE417D8EB2600944DAC /* Icon-30@2x.png */ = {isa = PBXFileReference; lastKnownFileType = image.png; name = "Icon-30@2x.png"; path = "Icons/Icon-30@2x.png"; sourceTree = "<group>"; };
		26AAAAE517D8EB2600944DAC /* Icon-60@2x.png */ = {isa = PBXFileReference; lastKnownFileType = image.png; name = "Icon-60@2x.png"; path = "Icons/Icon-60@2x.png"; sourceTree = "<group>"; };
		26AAAAE617D8EB2600944DAC /* Icon-72.png */ = {isa = PBXFileReference; lastKnownFileType = image.png; name = "Icon-72.png"; path = "Icons/Icon-72.png"; sourceTree = "<group>"; };
		26AAAAE717D8EB2600944DAC /* Icon-72@2x.png */ = {isa = PBXFileReference; lastKnownFileType = image.png; name = "Icon-72@2x.png"; path = "Icons/Icon-72@2x.png"; sourceTree = "<group>"; };
		26AAAAE817D8EB2600944DAC /* Icon-Small-50.png */ = {isa = PBXFileReference; lastKnownFileType = image.png; name = "Icon-Small-50.png"; path = "Icons/Icon-Small-50.png"; sourceTree = "<group>"; };
		26AAAAE917D8EB2600944DAC /* Icon-Small.png */ = {isa = PBXFileReference; lastKnownFileType = image.png; name = "Icon-Small.png"; path = "Icons/Icon-Small.png"; sourceTree = "<group>"; };
		26AAAAEA17D8EB2600944DAC /* Icon-Small@2x.png */ = {isa = PBXFileReference; lastKnownFileType = image.png; name = "Icon-Small@2x.png"; path = "Icons/Icon-Small@2x.png"; sourceTree = "<group>"; };
		26AAAAEB17D8EB2600944DAC /* Icon-Spotlight-20@2x.png */ = {isa = PBXFileReference; lastKnownFileType = image.png; name = "Icon-Spotlight-20@2x.png"; path = "Icons/Icon-Spotlight-20@2x.png"; sourceTree = "<group>"; };
		26AAAAEC17D8EB2600944DAC /* Icon-Spotlight-40.png */ = {isa = PBXFileReference; lastKnownFileType = image.png; name = "Icon-Spotlight-40.png"; path = "Icons/Icon-Spotlight-40.png"; sourceTree = "<group>"; };
		26AAAAED17D8EB2600944DAC /* Icon-Spotlight-40@2x.png */ = {isa = PBXFileReference; lastKnownFileType = image.png; name = "Icon-Spotlight-40@2x.png"; path = "Icons/Icon-Spotlight-40@2x.png"; sourceTree = "<group>"; };
		26AAAAEE17D8EB2600944DAC /* Icon-Spotlight-50.png */ = {isa = PBXFileReference; lastKnownFileType = image.png; name = "Icon-Spotlight-50.png"; path = "Icons/Icon-Spotlight-50.png"; sourceTree = "<group>"; };
		26AAAAEF17D8EB2600944DAC /* Icon-Spotlight-50@2x.png */ = {isa = PBXFileReference; lastKnownFileType = image.png; name = "Icon-Spotlight-50@2x.png"; path = "Icons/Icon-Spotlight-50@2x.png"; sourceTree = "<group>"; };
		26AAAAF017D8EB2600944DAC /* Icon.png */ = {isa = PBXFileReference; lastKnownFileType = image.png; name = Icon.png; path = Icons/Icon.png; sourceTree = "<group>"; };
		26AAAAF117D8EB2600944DAC /* Icon@2x.png */ = {isa = PBXFileReference; lastKnownFileType = image.png; name = "Icon@2x.png"; path = "Icons/Icon@2x.png"; sourceTree = "<group>"; };
		26AAAAF217D8EB2600944DAC /* logo.png */ = {isa = PBXFileReference; lastKnownFileType = image.png; name = logo.png; path = Icons/logo.png; sourceTree = "<group>"; };
		26AAAB0217D9043D00944DAC /* bg_iphone4@2x.png */ = {isa = PBXFileReference; lastKnownFileType = image.png; path = "bg_iphone4@2x.png"; sourceTree = "<group>"; };
		26AAAB0317D9043D00944DAC /* bg_iphone5.png */ = {isa = PBXFileReference; lastKnownFileType = image.png; path = bg_iphone5.png; sourceTree = "<group>"; };
		26AAAB0717DDBDD300944DAC /* MessageUI.framework */ = {isa = PBXFileReference; lastKnownFileType = wrapper.framework; name = MessageUI.framework; path = System/Library/Frameworks/MessageUI.framework; sourceTree = SDKROOT; };
		26EA950517B5121E003E31CA /* ActivityMapViewController.h */ = {isa = PBXFileReference; fileEncoding = 4; lastKnownFileType = sourcecode.c.h; path = ActivityMapViewController.h; sourceTree = "<group>"; };
		26EA950617B5121E003E31CA /* ActivityMapViewController.m */ = {isa = PBXFileReference; fileEncoding = 4; lastKnownFileType = sourcecode.c.objc; path = ActivityMapViewController.m; sourceTree = "<group>"; };
		26EA950D17B52013003E31CA /* GroupViewController.h */ = {isa = PBXFileReference; fileEncoding = 4; lastKnownFileType = sourcecode.c.h; path = GroupViewController.h; sourceTree = "<group>"; };
		26EA950E17B52013003E31CA /* GroupViewController.m */ = {isa = PBXFileReference; fileEncoding = 4; lastKnownFileType = sourcecode.c.objc; path = GroupViewController.m; sourceTree = "<group>"; };
		26EA951117B54220003E31CA /* transparent-bg.png */ = {isa = PBXFileReference; lastKnownFileType = image.png; path = "transparent-bg.png"; sourceTree = "<group>"; };
		26EA951E17B65429003E31CA /* UnderplanViewController.h */ = {isa = PBXFileReference; fileEncoding = 4; lastKnownFileType = sourcecode.c.h; path = UnderplanViewController.h; sourceTree = "<group>"; };
		26EA951F17B65429003E31CA /* UnderplanViewController.m */ = {isa = PBXFileReference; fileEncoding = 4; lastKnownFileType = sourcecode.c.objc; path = UnderplanViewController.m; sourceTree = "<group>"; };
		26EE72EB17CF43170028639E /* GroupItemViewCell.h */ = {isa = PBXFileReference; fileEncoding = 4; lastKnownFileType = sourcecode.c.h; path = GroupItemViewCell.h; sourceTree = "<group>"; };
		26EE72EC17CF43170028639E /* GroupItemViewCell.m */ = {isa = PBXFileReference; fileEncoding = 4; lastKnownFileType = sourcecode.c.objc; path = GroupItemViewCell.m; sourceTree = "<group>"; };
		26EE72EE17CF86450028639E /* UnderplanStoryView.h */ = {isa = PBXFileReference; fileEncoding = 4; lastKnownFileType = sourcecode.c.h; path = UnderplanStoryView.h; sourceTree = "<group>"; };
		26EE72EF17CF86450028639E /* UnderplanStoryView.m */ = {isa = PBXFileReference; fileEncoding = 4; lastKnownFileType = sourcecode.c.objc; path = UnderplanStoryView.m; sourceTree = "<group>"; };
		26EE72F117CF97440028639E /* BannerView.h */ = {isa = PBXFileReference; fileEncoding = 4; lastKnownFileType = sourcecode.c.h; path = BannerView.h; sourceTree = "<group>"; };
		26EE72F217CF97440028639E /* BannerView.m */ = {isa = PBXFileReference; fileEncoding = 4; lastKnownFileType = sourcecode.c.objc; path = BannerView.m; sourceTree = "<group>"; };
		26EE72F417CF9F280028639E /* chat@2x.png */ = {isa = PBXFileReference; lastKnownFileType = image.png; path = "chat@2x.png"; sourceTree = "<group>"; };
		26EE72F517CF9F280028639E /* chat.png */ = {isa = PBXFileReference; lastKnownFileType = image.png; path = chat.png; sourceTree = "<group>"; };
		26EE730417CFA2A80028639E /* GalleryViewController.h */ = {isa = PBXFileReference; fileEncoding = 4; lastKnownFileType = sourcecode.c.h; path = GalleryViewController.h; sourceTree = "<group>"; };
		26EE730517CFA2A80028639E /* GalleryViewController.m */ = {isa = PBXFileReference; fileEncoding = 4; lastKnownFileType = sourcecode.c.objc; path = GalleryViewController.m; sourceTree = "<group>"; };
		26EE731317CFB4D30028639E /* bg_iphone5.jpg */ = {isa = PBXFileReference; lastKnownFileType = image.jpeg; path = bg_iphone5.jpg; sourceTree = "<group>"; };
		26EE731417CFB4D30028639E /* bg_iphone4.jpg */ = {isa = PBXFileReference; lastKnownFileType = image.jpeg; path = bg_iphone4.jpg; sourceTree = "<group>"; };
		26EE731717CFBDB70028639E /* GalleryViewCell.h */ = {isa = PBXFileReference; fileEncoding = 4; lastKnownFileType = sourcecode.c.h; path = GalleryViewCell.h; sourceTree = "<group>"; };
		26EE731817CFBDB70028639E /* GalleryViewCell.m */ = {isa = PBXFileReference; fileEncoding = 4; lastKnownFileType = sourcecode.c.objc; path = GalleryViewCell.m; sourceTree = "<group>"; };
		26EE731F17CFC3020028639E /* Gallery.h */ = {isa = PBXFileReference; fileEncoding = 4; lastKnownFileType = sourcecode.c.h; path = Gallery.h; sourceTree = "<group>"; };
		26EE732017CFC3020028639E /* Gallery.m */ = {isa = PBXFileReference; fileEncoding = 4; lastKnownFileType = sourcecode.c.objc; path = Gallery.m; sourceTree = "<group>"; };
		26EE738017D175F20028639E /* ActivityTabBarController.h */ = {isa = PBXFileReference; fileEncoding = 4; lastKnownFileType = sourcecode.c.h; path = ActivityTabBarController.h; sourceTree = "<group>"; };
		26EE738117D175F20028639E /* ActivityTabBarController.m */ = {isa = PBXFileReference; fileEncoding = 4; lastKnownFileType = sourcecode.c.objc; path = ActivityTabBarController.m; sourceTree = "<group>"; };
		26F9A91317AA8A81007B0CBB /* CoreData.framework */ = {isa = PBXFileReference; lastKnownFileType = wrapper.framework; name = CoreData.framework; path = System/Library/Frameworks/CoreData.framework; sourceTree = SDKROOT; };
		F02AD06E00CE4878A05A6AE5 /* Pods.xcconfig */ = {isa = PBXFileReference; includeInIndex = 1; lastKnownFileType = text.xcconfig; name = Pods.xcconfig; path = Pods/Pods.xcconfig; sourceTree = SOURCE_ROOT; };
		F923E2DB94994B0ABF43E5B3 /* libPods.a */ = {isa = PBXFileReference; explicitFileType = archive.ar; includeInIndex = 0; path = libPods.a; sourceTree = BUILT_PRODUCTS_DIR; };
/* End PBXFileReference section */

/* Begin PBXFrameworksBuildPhase section */
		2665904C179EE51D001EFABF /* Frameworks */ = {
			isa = PBXFrameworksBuildPhase;
			buildActionMask = 2147483647;
			files = (
				26AAAB0817DDBDD300944DAC /* MessageUI.framework in Frameworks */,
				26018D0217CEAA7300D766A4 /* QuartzCore.framework in Frameworks */,
				26F9A91417AA8A81007B0CBB /* CoreData.framework in Frameworks */,
				26A1D5CD17A1225500526060 /* ImageIO.framework in Frameworks */,
				26A1D5C917A05B9E00526060 /* CoreText.framework in Frameworks */,
				266590B3179FBD77001EFABF /* MapKit.framework in Frameworks */,
				266590A9179EE827001EFABF /* CFNetwork.framework in Frameworks */,
				266590A7179EE81B001EFABF /* Security.framework in Frameworks */,
				266590A5179EE816001EFABF /* libicucore.dylib in Frameworks */,
				26659053179EE51E001EFABF /* UIKit.framework in Frameworks */,
				26659055179EE51E001EFABF /* Foundation.framework in Frameworks */,
				20A272A5EC7E48D3AC3D25C4 /* libPods.a in Frameworks */,
			);
			runOnlyForDeploymentPostprocessing = 0;
		};
		26659077179EE51E001EFABF /* Frameworks */ = {
			isa = PBXFrameworksBuildPhase;
			buildActionMask = 2147483647;
			files = (
				2665907D179EE51E001EFABF /* SenTestingKit.framework in Frameworks */,
				2665907E179EE51E001EFABF /* UIKit.framework in Frameworks */,
				2665907F179EE51E001EFABF /* Foundation.framework in Frameworks */,
			);
			runOnlyForDeploymentPostprocessing = 0;
		};
/* End PBXFrameworksBuildPhase section */

/* Begin PBXGroup section */
		263DCD0617E19C5E0077DD15 /* Delegates */ = {
			isa = PBXGroup;
			children = (
				263DCD0817E24D110077DD15 /* UnderplanGroupAwareDelegate.h */,
			);
			name = Delegates;
			sourceTree = "<group>";
		};
		26659046179EE51D001EFABF = {
			isa = PBXGroup;
			children = (
				26659058179EE51E001EFABF /* Underplan */,
				26659082179EE51E001EFABF /* UnderplanTests */,
				26659051179EE51E001EFABF /* Frameworks */,
				26659050179EE51E001EFABF /* Products */,
				F02AD06E00CE4878A05A6AE5 /* Pods.xcconfig */,
			);
			sourceTree = "<group>";
		};
		26659050179EE51E001EFABF /* Products */ = {
			isa = PBXGroup;
			children = (
				2665904F179EE51E001EFABF /* Underplan.app */,
				2665907B179EE51E001EFABF /* UnderplanTests.octest */,
			);
			name = Products;
			sourceTree = "<group>";
		};
		26659051179EE51E001EFABF /* Frameworks */ = {
			isa = PBXGroup;
			children = (
				26AAAB0717DDBDD300944DAC /* MessageUI.framework */,
				26018D0117CEAA7300D766A4 /* QuartzCore.framework */,
				26F9A91317AA8A81007B0CBB /* CoreData.framework */,
				26A1D5CC17A1225500526060 /* ImageIO.framework */,
				26A1D5C817A05B9E00526060 /* CoreText.framework */,
				266590A4179EE816001EFABF /* libicucore.dylib */,
				266590B2179FBD77001EFABF /* MapKit.framework */,
				266590A8179EE827001EFABF /* CFNetwork.framework */,
				266590A6179EE81B001EFABF /* Security.framework */,
				26659052179EE51E001EFABF /* UIKit.framework */,
				26659054179EE51E001EFABF /* Foundation.framework */,
				26659056179EE51E001EFABF /* CoreGraphics.framework */,
				2665907C179EE51E001EFABF /* SenTestingKit.framework */,
				F923E2DB94994B0ABF43E5B3 /* libPods.a */,
			);
			name = Frameworks;
			sourceTree = "<group>";
		};
		26659058179EE51E001EFABF /* Underplan */ = {
			isa = PBXGroup;
			children = (
				26659061179EE51E001EFABF /* UnderplanAppDelegate.h */,
				26659062179EE51E001EFABF /* UnderplanAppDelegate.m */,
				2665906A179EE51E001EFABF /* MainStoryboard_iPhone.storyboard */,
				2665906D179EE51E001EFABF /* MainStoryboard_iPad.storyboard */,
				26EA951017B5268B003E31CA /* Controllers */,
				26A1D5DD17A3149100526060 /* Components */,
				26A1D5D517A16EE500526060 /* Models */,
				26F9A8B617A95E7B007B0CBB /* Extras */,
				26072D0217CF3CBB0073B74B /* Images.xcassets */,
				26659059179EE51E001EFABF /* Supporting Files */,
			);
			path = Underplan;
			sourceTree = "<group>";
		};
		26659059179EE51E001EFABF /* Supporting Files */ = {
			isa = PBXGroup;
			children = (
				26659093179EE7A5001EFABF /* Assets */,
				2665905A179EE51E001EFABF /* Underplan-Info.plist */,
				2665905B179EE51E001EFABF /* InfoPlist.strings */,
				2665905E179EE51E001EFABF /* main.m */,
				26659060179EE51E001EFABF /* Underplan-Prefix.pch */,
				26659064179EE51E001EFABF /* Default.png */,
				26659066179EE51E001EFABF /* Default@2x.png */,
				26659068179EE51E001EFABF /* Default-568h@2x.png */,
			);
			name = "Supporting Files";
			sourceTree = "<group>";
		};
		26659082179EE51E001EFABF /* UnderplanTests */ = {
			isa = PBXGroup;
			children = (
				26659088179EE51E001EFABF /* UnderplanTests.h */,
				26659089179EE51E001EFABF /* UnderplanTests.m */,
				26659083179EE51E001EFABF /* Supporting Files */,
			);
			path = UnderplanTests;
			sourceTree = "<group>";
		};
		26659083179EE51E001EFABF /* Supporting Files */ = {
			isa = PBXGroup;
			children = (
				26659084179EE51E001EFABF /* UnderplanTests-Info.plist */,
				26659085179EE51E001EFABF /* InfoPlist.strings */,
			);
			name = "Supporting Files";
			sourceTree = "<group>";
		};
		26659093179EE7A5001EFABF /* Assets */ = {
			isa = PBXGroup;
			children = (
				26AAAB0617D9044800944DAC /* Splash */,
				26EE736B17D152960028639E /* Icons */,
				26EE736A17D1527F0028639E /* Logos */,
				26EA951117B54220003E31CA /* transparent-bg.png */,
				260CFC8B17B29F7100FC7787 /* pano_image.jpg */,
				26A1D5CA17A060B300526060 /* dash_bg_3.jpg */,
			);
			name = Assets;
			path = assets;
			sourceTree = "<group>";
		};
		26A1D5D517A16EE500526060 /* Models */ = {
			isa = PBXGroup;
			children = (
				26A12C1517CBC876006B619E /* SharedApiClient.h */,
				26A12C1617CBC876006B619E /* SharedApiClient.m */,
				260CFC8517B2803F00FC7787 /* MeteorModel.h */,
				260CFC8617B2803F00FC7787 /* MeteorModel.m */,
				26EE731F17CFC3020028639E /* Gallery.h */,
				26EE732017CFC3020028639E /* Gallery.m */,
				260CFC8817B294C400FC7787 /* Photo.h */,
				260CFC8917B294C400FC7787 /* Photo.m */,
				260CFC8217B16CC400FC7787 /* Group.h */,
				260CFC8317B16CC400FC7787 /* Group.m */,
				26A1D5D217A12F3C00526060 /* User.h */,
				26A1D5D317A12F3C00526060 /* User.m */,
				260CFC7F17B1543800FC7787 /* Activity.h */,
				260CFC8017B1543800FC7787 /* Activity.m */,
				26018D0317CECF0900D766A4 /* Comment.h */,
				26018D0417CECF0900D766A4 /* Comment.m */,
			);
			name = Models;
			sourceTree = "<group>";
		};
		26A1D5DD17A3149100526060 /* Components */ = {
			isa = PBXGroup;
			children = (
				263DCD0617E19C5E0077DD15 /* Delegates */,
				26AAAAD717D32BE200944DAC /* Views */,
				26AAAAD617D2129C00944DAC /* Cells */,
				26848EF817B871B90021E247 /* UITabBarController+ShowHideBar.h */,
				26848EF717B871B90021E247 /* UITabBarController+ShowHideBar.m */,
				26A12C1217C9F852006B619E /* UIViewController+UnderplanApiNotifications.h */,
				26A12C1317C9F852006B619E /* UIViewController+UnderplanApiNotifications.m */,
				2621FAF717DF50EA00E20D85 /* UnderplanSlideshowController.h */,
				2621FAF817DF50EA00E20D85 /* UnderplanSlideshowController.m */,
				266590B4179FC5BC001EFABF /* ActivityFeedAnnotation.h */,
				266590B5179FC5BC001EFABF /* ActivityFeedAnnotation.m */,
				26EA951E17B65429003E31CA /* UnderplanViewController.h */,
				26EA951F17B65429003E31CA /* UnderplanViewController.m */,
				26EE72F117CF97440028639E /* BannerView.h */,
				26EE72F217CF97440028639E /* BannerView.m */,
				26018CF917CE300600D766A4 /* UnderplanItemDetailsView.h */,
				26018CFA17CE300600D766A4 /* UnderplanItemDetailsView.m */,
				26018CF717CE1A1A00D766A4 /* UnderplanItemDetailsView.xib */,
				264C853817E44E7800E2A09E /* UnderplanTabBarController.h */,
				264C853917E44E7800E2A09E /* UnderplanTabBarController.m */,
			);
			name = Components;
			sourceTree = "<group>";
		};
		26AAAAD617D2129C00944DAC /* Cells */ = {
			isa = PBXGroup;
			children = (
				26AAAAD017D202F800944DAC /* UnderplanTableViewCell.h */,
				26AAAAD117D202F800944DAC /* UnderplanTableViewCell.m */,
				26AAAADB17D3497000944DAC /* UnderplanShortItemCell.h */,
				26AAAADC17D3497000944DAC /* UnderplanShortItemCell.m */,
				26AAAAD817D347F100944DAC /* UnderplanStoryItemCell.h */,
				26AAAAD917D347F100944DAC /* UnderplanStoryItemCell.m */,
				26AAAAE117D431CE00944DAC /* UnderplanCommentItemCell.h */,
				26AAAAE217D431CF00944DAC /* UnderplanCommentItemCell.m */,
				26EE72EB17CF43170028639E /* GroupItemViewCell.h */,
				26EE72EC17CF43170028639E /* GroupItemViewCell.m */,
				26EE731717CFBDB70028639E /* GalleryViewCell.h */,
				26EE731817CFBDB70028639E /* GalleryViewCell.m */,
			);
			name = Cells;
			sourceTree = "<group>";
		};
		26AAAAD717D32BE200944DAC /* Views */ = {
			isa = PBXGroup;
			children = (
				26AAAADE17D349F200944DAC /* UnderplanView.h */,
				26AAAADF17D349F200944DAC /* UnderplanView.m */,
				266590B7179FEC8E001EFABF /* UnderplanUserItemView.h */,
				266590B8179FEC8E001EFABF /* UnderplanUserItemView.m */,
				26AAAAD317D20FF900944DAC /* UnderplanShortView.h */,
				26AAAAD417D20FF900944DAC /* UnderplanShortView.m */,
				26EE72EE17CF86450028639E /* UnderplanStoryView.h */,
				26EE72EF17CF86450028639E /* UnderplanStoryView.m */,
			);
			name = Views;
			sourceTree = "<group>";
		};
		26AAAB0617D9044800944DAC /* Splash */ = {
			isa = PBXGroup;
			children = (
				26EE731317CFB4D30028639E /* bg_iphone5.jpg */,
				26EE731417CFB4D30028639E /* bg_iphone4.jpg */,
				26AAAB0217D9043D00944DAC /* bg_iphone4@2x.png */,
				26AAAB0317D9043D00944DAC /* bg_iphone5.png */,
			);
			name = Splash;
			sourceTree = "<group>";
		};
		26EA951017B5268B003E31CA /* Controllers */ = {
			isa = PBXGroup;
			children = (
				26659070179EE51E001EFABF /* MasterViewController.h */,
				26659071179EE51E001EFABF /* MasterViewController.m */,
				26EA950D17B52013003E31CA /* GroupViewController.h */,
				26EA950E17B52013003E31CA /* GroupViewController.m */,
				26659073179EE51E001EFABF /* ActivityListViewController.h */,
				26659074179EE51E001EFABF /* ActivityListViewController.m */,
				26EA950517B5121E003E31CA /* ActivityMapViewController.h */,
				26EA950617B5121E003E31CA /* ActivityMapViewController.m */,
				26EE730417CFA2A80028639E /* GalleryViewController.h */,
				26EE730517CFA2A80028639E /* GalleryViewController.m */,
				26EE738017D175F20028639E /* ActivityTabBarController.h */,
				26EE738117D175F20028639E /* ActivityTabBarController.m */,
				266590BC17A01447001EFABF /* ActivityViewController.h */,
				266590BD17A01447001EFABF /* ActivityViewController.m */,
				26A1D5D617A1B5E300526060 /* CommentsViewController.h */,
				26A1D5D717A1B5E300526060 /* CommentsViewController.m */,
			);
			name = Controllers;
			sourceTree = "<group>";
		};
		26EE736A17D1527F0028639E /* Logos */ = {
			isa = PBXGroup;
			children = (
				26AAAAE417D8EB2600944DAC /* Icon-30@2x.png */,
				26AAAAE517D8EB2600944DAC /* Icon-60@2x.png */,
				26AAAAE617D8EB2600944DAC /* Icon-72.png */,
				26AAAAE717D8EB2600944DAC /* Icon-72@2x.png */,
				26AAAAE817D8EB2600944DAC /* Icon-Small-50.png */,
				26AAAAE917D8EB2600944DAC /* Icon-Small.png */,
				26AAAAEA17D8EB2600944DAC /* Icon-Small@2x.png */,
				26AAAAEB17D8EB2600944DAC /* Icon-Spotlight-20@2x.png */,
				26AAAAEC17D8EB2600944DAC /* Icon-Spotlight-40.png */,
				26AAAAED17D8EB2600944DAC /* Icon-Spotlight-40@2x.png */,
				26AAAAEE17D8EB2600944DAC /* Icon-Spotlight-50.png */,
				26AAAAEF17D8EB2600944DAC /* Icon-Spotlight-50@2x.png */,
				26AAAAF017D8EB2600944DAC /* Icon.png */,
				26AAAAF117D8EB2600944DAC /* Icon@2x.png */,
				26AAAAF217D8EB2600944DAC /* logo.png */,
			);
			name = Logos;
			sourceTree = "<group>";
		};
		26EE736B17D152960028639E /* Icons */ = {
			isa = PBXGroup;
			children = (
				263DCD0917E314E90077DD15 /* arrow_out.png */,
				263DCD0A17E314E90077DD15 /* arrow_out@2x.png */,
				263DCD0B17E314E90077DD15 /* next.png */,
				263DCD0C17E314E90077DD15 /* next@2x.png */,
				263DCD0D17E314E90077DD15 /* previous.png */,
				263DCD0E17E314E90077DD15 /* previous@2x.png */,
				263DCCFE17E0BF8E0077DD15 /* chevron-left.png */,
				263DCCFF17E0BF8E0077DD15 /* chevron-left@2x.png */,
				263DCD0017E0BF8E0077DD15 /* chevron-right.png */,
				263DCD0117E0BF8E0077DD15 /* chevron-right@2x.png */,
				26EE736F17D153830028639E /* 24x24 */,
				26EE736E17D153670028639E /* 30x30 */,
				26EE736D17D153560028639E /* 48x48 */,
				26EE736C17D153030028639E /* 60x60 */,
			);
			name = Icons;
			sourceTree = "<group>";
		};
		26EE736C17D153030028639E /* 60x60 */ = {
			isa = PBXGroup;
			children = (
				26AAAAB317D1F11900944DAC /* album@2x.png */,
				26AAAAB417D1F11900944DAC /* calendar_full@2x.png */,
				26AAAAB517D1F11900944DAC /* calendar@2x.png */,
				26AAAAC717D1F14D00944DAC /* camera@2x.png */,
				26AAAAB617D1F11900944DAC /* camera_full@2x.png */,
				26AAAAB817D1F11900944DAC /* comments@2x.png */,
				26AAAAB917D1F11900944DAC /* list@2x.png */,
				26AAAABA17D1F11900944DAC /* photos_full@2x.png */,
				26AAAABB17D1F11900944DAC /* photos@2x.png */,
				26AAAAC917D1F1C600944DAC /* pin_full@2x.png */,
				26AAAABC17D1F11900944DAC /* pin@2x.png */,
			);
			name = 60x60;
			sourceTree = "<group>";
		};
		26EE736D17D153560028639E /* 48x48 */ = {
			isa = PBXGroup;
			children = (
				26EE72F417CF9F280028639E /* chat@2x.png */,
				26AAAAB717D1F11900944DAC /* comment-btn@2x.png */,
			);
			name = 48x48;
			sourceTree = "<group>";
		};
		26EE736E17D153670028639E /* 30x30 */ = {
			isa = PBXGroup;
			children = (
				26AAAAA717D1F01D00944DAC /* camera_full.png */,
				26AAAAA817D1F01D00944DAC /* camera.png */,
				26AAAAA317D1F00700944DAC /* calendar.png */,
				26AAAAA417D1F00700944DAC /* calendar_full.png */,
				26AAAA9F17D1EFE200944DAC /* photos_full.png */,
				26AAAAA017D1EFE200944DAC /* photos.png */,
				26AAAAAB17D1F05600944DAC /* list.png */,
				26AAAAAD17D1F06400944DAC /* pin.png */,
				26AAAAAF17D1F07300944DAC /* comments.png */,
				26AAAAB117D1F07F00944DAC /* album.png */,
			);
			name = 30x30;
			sourceTree = "<group>";
		};
		26EE736F17D153830028639E /* 24x24 */ = {
			isa = PBXGroup;
			children = (
				26EE72F517CF9F280028639E /* chat.png */,
				26AAAACB17D1F1F600944DAC /* comment-btn.png */,
			);
			name = 24x24;
			sourceTree = "<group>";
		};
		26F9A8B617A95E7B007B0CBB /* Extras */ = {
			isa = PBXGroup;
			children = (
				26A12C0C17C7825C006B619E /* UnderplanApiClient.h */,
				26A12C0D17C7825C006B619E /* UnderplanApiClient.m */,
				26018CFD17CE781F00D766A4 /* UILabel+VerticalAlign.h */,
				26018CFE17CE781F00D766A4 /* UILabel+VerticalAlign.m */,
				26AAAACD17D1FEAB00944DAC /* UIColor+Underplan.h */,
				26AAAACE17D1FEAB00944DAC /* UIColor+Underplan.m */,
			);
			name = Extras;
			sourceTree = "<group>";
		};
/* End PBXGroup section */

/* Begin PBXNativeTarget section */
		2665904E179EE51D001EFABF /* Underplan */ = {
			isa = PBXNativeTarget;
			buildConfigurationList = 2665908D179EE51E001EFABF /* Build configuration list for PBXNativeTarget "Underplan" */;
			buildPhases = (
				400527E1FED841B8B9784F8D /* Check Pods Manifest.lock */,
				2665904B179EE51D001EFABF /* Sources */,
				2665904C179EE51D001EFABF /* Frameworks */,
				2665904D179EE51D001EFABF /* Resources */,
				F29EA80DBC6D4A1F98236EEA /* Copy Pods Resources */,
			);
			buildRules = (
			);
			dependencies = (
			);
			name = Underplan;
			productName = Underplan;
			productReference = 2665904F179EE51E001EFABF /* Underplan.app */;
			productType = "com.apple.product-type.application";
		};
		2665907A179EE51E001EFABF /* UnderplanTests */ = {
			isa = PBXNativeTarget;
			buildConfigurationList = 26659090179EE51E001EFABF /* Build configuration list for PBXNativeTarget "UnderplanTests" */;
			buildPhases = (
				26659076179EE51E001EFABF /* Sources */,
				26659077179EE51E001EFABF /* Frameworks */,
				26659078179EE51E001EFABF /* Resources */,
				26659079179EE51E001EFABF /* ShellScript */,
			);
			buildRules = (
			);
			dependencies = (
				26659081179EE51E001EFABF /* PBXTargetDependency */,
			);
			name = UnderplanTests;
			productName = UnderplanTests;
			productReference = 2665907B179EE51E001EFABF /* UnderplanTests.octest */;
			productType = "com.apple.product-type.bundle";
		};
/* End PBXNativeTarget section */

/* Begin PBXProject section */
		26659047179EE51D001EFABF /* Project object */ = {
			isa = PBXProject;
			attributes = {
				CLASSPREFIX = Underplan;
				LastUpgradeCheck = 0460;
				ORGANIZATIONNAME = "Mark Gallop";
				TargetAttributes = {
					2665904E179EE51D001EFABF = {
						DevelopmentTeam = Z7LGFPDX6K;
					};
				};
			};
			buildConfigurationList = 2665904A179EE51D001EFABF /* Build configuration list for PBXProject "Underplan" */;
			compatibilityVersion = "Xcode 3.2";
			developmentRegion = English;
			hasScannedForEncodings = 0;
			knownRegions = (
				en,
			);
			mainGroup = 26659046179EE51D001EFABF;
			productRefGroup = 26659050179EE51E001EFABF /* Products */;
			projectDirPath = "";
			projectRoot = "";
			targets = (
				2665904E179EE51D001EFABF /* Underplan */,
				2665907A179EE51E001EFABF /* UnderplanTests */,
			);
		};
/* End PBXProject section */

/* Begin PBXResourcesBuildPhase section */
		2665904D179EE51D001EFABF /* Resources */ = {
			isa = PBXResourcesBuildPhase;
			buildActionMask = 2147483647;
			files = (
				26AAAAFF17D8EB2600944DAC /* Icon.png in Resources */,
				26AAAB0017D8EB2600944DAC /* Icon@2x.png in Resources */,
				2665905D179EE51E001EFABF /* InfoPlist.strings in Resources */,
				26072D0317CF3CBB0073B74B /* Images.xcassets in Resources */,
				26AAAAA917D1F01D00944DAC /* camera_full.png in Resources */,
				26AAAAF917D8EB2600944DAC /* Icon-Small@2x.png in Resources */,
				26AAAABF17D1F11900944DAC /* calendar@2x.png in Resources */,
				26AAAAC817D1F14D00944DAC /* camera@2x.png in Resources */,
				26659065179EE51E001EFABF /* Default.png in Resources */,
				26AAAAC217D1F11900944DAC /* comments@2x.png in Resources */,
				26AAAAC117D1F11900944DAC /* comment-btn@2x.png in Resources */,
				26659067179EE51E001EFABF /* Default@2x.png in Resources */,
				26AAAAFC17D8EB2600944DAC /* Icon-Spotlight-40@2x.png in Resources */,
				263DCD1417E314E90077DD15 /* previous@2x.png in Resources */,
				26AAAACC17D1F1F600944DAC /* comment-btn.png in Resources */,
				26659069179EE51E001EFABF /* Default-568h@2x.png in Resources */,
				26AAAAB017D1F07300944DAC /* comments.png in Resources */,
				263DCD1117E314E90077DD15 /* next.png in Resources */,
				26AAAAF817D8EB2600944DAC /* Icon-Small.png in Resources */,
				26AAAB0517D9043D00944DAC /* bg_iphone5.png in Resources */,
				263DCD0317E0BF8E0077DD15 /* chevron-left@2x.png in Resources */,
				26AAAAC517D1F11900944DAC /* photos@2x.png in Resources */,
				26AAAAC617D1F11900944DAC /* pin@2x.png in Resources */,
				26AAAAF617D8EB2600944DAC /* Icon-72@2x.png in Resources */,
				263DCD1217E314E90077DD15 /* next@2x.png in Resources */,
				263DCD0F17E314E90077DD15 /* arrow_out.png in Resources */,
				26AAAB0417D9043D00944DAC /* bg_iphone4@2x.png in Resources */,
				2665906C179EE51E001EFABF /* MainStoryboard_iPhone.storyboard in Resources */,
				2665906F179EE51E001EFABF /* MainStoryboard_iPad.storyboard in Resources */,
				263DCD0217E0BF8E0077DD15 /* chevron-left.png in Resources */,
				26AAAAAA17D1F01D00944DAC /* camera.png in Resources */,
				26AAAAC017D1F11900944DAC /* camera_full@2x.png in Resources */,
				26EE731617CFB4D30028639E /* bg_iphone4.jpg in Resources */,
				26AAAAAE17D1F06400944DAC /* pin.png in Resources */,
				26AAAABE17D1F11900944DAC /* calendar_full@2x.png in Resources */,
				26A1D5CB17A060B300526060 /* dash_bg_3.jpg in Resources */,
				26AAAB0117D8EB2600944DAC /* logo.png in Resources */,
				26AAAABD17D1F11900944DAC /* album@2x.png in Resources */,
				26AAAAFD17D8EB2600944DAC /* Icon-Spotlight-50.png in Resources */,
				263DCD0517E0BF8E0077DD15 /* chevron-right@2x.png in Resources */,
				26AAAAA517D1F00700944DAC /* calendar.png in Resources */,
				26AAAAF317D8EB2600944DAC /* Icon-30@2x.png in Resources */,
				26AAAAC317D1F11900944DAC /* list@2x.png in Resources */,
				260CFC8C17B29F7100FC7787 /* pano_image.jpg in Resources */,
				26EE72F617CF9F280028639E /* chat@2x.png in Resources */,
				263DCD0417E0BF8E0077DD15 /* chevron-right.png in Resources */,
				26018CF817CE1A1A00D766A4 /* UnderplanItemDetailsView.xib in Resources */,
				26EA951217B54220003E31CA /* transparent-bg.png in Resources */,
				263DCD1017E314E90077DD15 /* arrow_out@2x.png in Resources */,
				26AAAACA17D1F1C600944DAC /* pin_full@2x.png in Resources */,
				26AAAAF417D8EB2600944DAC /* Icon-60@2x.png in Resources */,
				26AAAAFE17D8EB2600944DAC /* Icon-Spotlight-50@2x.png in Resources */,
				26EE72F717CF9F280028639E /* chat.png in Resources */,
				26AAAAA217D1EFE200944DAC /* photos.png in Resources */,
				26AAAAF717D8EB2600944DAC /* Icon-Small-50.png in Resources */,
				26AAAAFB17D8EB2600944DAC /* Icon-Spotlight-40.png in Resources */,
				26AAAAFA17D8EB2600944DAC /* Icon-Spotlight-20@2x.png in Resources */,
				26AAAAAC17D1F05600944DAC /* list.png in Resources */,
				26AAAAA617D1F00700944DAC /* calendar_full.png in Resources */,
				26AAAAF517D8EB2600944DAC /* Icon-72.png in Resources */,
				26EE731517CFB4D30028639E /* bg_iphone5.jpg in Resources */,
				263DCD1317E314E90077DD15 /* previous.png in Resources */,
				26AAAAA117D1EFE200944DAC /* photos_full.png in Resources */,
				26AAAAB217D1F07F00944DAC /* album.png in Resources */,
				26AAAAC417D1F11900944DAC /* photos_full@2x.png in Resources */,
			);
			runOnlyForDeploymentPostprocessing = 0;
		};
		26659078179EE51E001EFABF /* Resources */ = {
			isa = PBXResourcesBuildPhase;
			buildActionMask = 2147483647;
			files = (
				26659087179EE51E001EFABF /* InfoPlist.strings in Resources */,
			);
			runOnlyForDeploymentPostprocessing = 0;
		};
/* End PBXResourcesBuildPhase section */

/* Begin PBXShellScriptBuildPhase section */
		26659079179EE51E001EFABF /* ShellScript */ = {
			isa = PBXShellScriptBuildPhase;
			buildActionMask = 2147483647;
			files = (
			);
			inputPaths = (
			);
			outputPaths = (
			);
			runOnlyForDeploymentPostprocessing = 0;
			shellPath = /bin/sh;
			shellScript = "# Run the unit tests in this test bundle.\n\"${SYSTEM_DEVELOPER_DIR}/Tools/RunUnitTests\"\n";
		};
		400527E1FED841B8B9784F8D /* Check Pods Manifest.lock */ = {
			isa = PBXShellScriptBuildPhase;
			buildActionMask = 2147483647;
			files = (
			);
			inputPaths = (
			);
			name = "Check Pods Manifest.lock";
			outputPaths = (
			);
			runOnlyForDeploymentPostprocessing = 0;
			shellPath = /bin/sh;
			shellScript = "diff \"${PODS_ROOT}/../Podfile.lock\" \"${PODS_ROOT}/Manifest.lock\" > /dev/null\nif [[ $? != 0 ]] ; then\n    cat << EOM\nerror: The sandbox is not in sync with the Podfile.lock. Run 'pod install' or update your CocoaPods installation.\nEOM\n    exit 1\nfi\n";
			showEnvVarsInLog = 0;
		};
		F29EA80DBC6D4A1F98236EEA /* Copy Pods Resources */ = {
			isa = PBXShellScriptBuildPhase;
			buildActionMask = 2147483647;
			files = (
			);
			inputPaths = (
			);
			name = "Copy Pods Resources";
			outputPaths = (
			);
			runOnlyForDeploymentPostprocessing = 0;
			shellPath = /bin/sh;
			shellScript = "\"${SRCROOT}/Pods/Pods-resources.sh\"\n";
			showEnvVarsInLog = 0;
		};
/* End PBXShellScriptBuildPhase section */

/* Begin PBXSourcesBuildPhase section */
		2665904B179EE51D001EFABF /* Sources */ = {
			isa = PBXSourcesBuildPhase;
			buildActionMask = 2147483647;
			files = (
				26018CFF17CE781F00D766A4 /* UILabel+VerticalAlign.m in Sources */,
				2665905F179EE51E001EFABF /* main.m in Sources */,
				26AAAACF17D1FEAB00944DAC /* UIColor+Underplan.m in Sources */,
				26A12C1417C9F852006B619E /* UIViewController+UnderplanApiNotifications.m in Sources */,
				26EE731917CFBDB70028639E /* GalleryViewCell.m in Sources */,
				26EE72F017CF86450028639E /* UnderplanStoryView.m in Sources */,
				26EE72ED17CF43170028639E /* GroupItemViewCell.m in Sources */,
				26A12C0E17C7825C006B619E /* UnderplanApiClient.m in Sources */,
				26659063179EE51E001EFABF /* UnderplanAppDelegate.m in Sources */,
				26659072179EE51E001EFABF /* MasterViewController.m in Sources */,
				26EE738217D175F20028639E /* ActivityTabBarController.m in Sources */,
				26EE730617CFA2A80028639E /* GalleryViewController.m in Sources */,
				26659075179EE51E001EFABF /* ActivityListViewController.m in Sources */,
				26AAAAD517D20FF900944DAC /* UnderplanShortView.m in Sources */,
				26EE732117CFC3020028639E /* Gallery.m in Sources */,
				266590B6179FC5BC001EFABF /* ActivityFeedAnnotation.m in Sources */,
				26AAAADD17D3497000944DAC /* UnderplanShortItemCell.m in Sources */,
				26AAAADA17D347F100944DAC /* UnderplanStoryItemCell.m in Sources */,
				266590B9179FEC8E001EFABF /* UnderplanUserItemView.m in Sources */,
				266590BE17A01447001EFABF /* ActivityViewController.m in Sources */,
				26AAAAE317D431CF00944DAC /* UnderplanCommentItemCell.m in Sources */,
				26A1D5D417A12F3C00526060 /* User.m in Sources */,
				26A1D5D817A1B5E300526060 /* CommentsViewController.m in Sources */,
				26AAAAE017D349F200944DAC /* UnderplanView.m in Sources */,
				26EE72F317CF97440028639E /* BannerView.m in Sources */,
				260CFC8117B1543800FC7787 /* Activity.m in Sources */,
				26018D0517CECF0900D766A4 /* Comment.m in Sources */,
				264C853A17E44E7800E2A09E /* UnderplanTabBarController.m in Sources */,
				260CFC8417B16CC400FC7787 /* Group.m in Sources */,
				260CFC8717B2803F00FC7787 /* MeteorModel.m in Sources */,
				260CFC8A17B294C400FC7787 /* Photo.m in Sources */,
				26EA950717B5121F003E31CA /* ActivityMapViewController.m in Sources */,
				26EA950F17B52014003E31CA /* GroupViewController.m in Sources */,
				26A12C1717CBC876006B619E /* SharedApiClient.m in Sources */,
				2621FAF917DF50EA00E20D85 /* UnderplanSlideshowController.m in Sources */,
				26EA952017B65429003E31CA /* UnderplanViewController.m in Sources */,
				26018CFB17CE300600D766A4 /* UnderplanItemDetailsView.m in Sources */,
				26848EF917B871B90021E247 /* UITabBarController+ShowHideBar.m in Sources */,
				26AAAAD217D202F800944DAC /* UnderplanTableViewCell.m in Sources */,
			);
			runOnlyForDeploymentPostprocessing = 0;
		};
		26659076179EE51E001EFABF /* Sources */ = {
			isa = PBXSourcesBuildPhase;
			buildActionMask = 2147483647;
			files = (
				2665908A179EE51E001EFABF /* UnderplanTests.m in Sources */,
			);
			runOnlyForDeploymentPostprocessing = 0;
		};
/* End PBXSourcesBuildPhase section */

/* Begin PBXTargetDependency section */
		26659081179EE51E001EFABF /* PBXTargetDependency */ = {
			isa = PBXTargetDependency;
			target = 2665904E179EE51D001EFABF /* Underplan */;
			targetProxy = 26659080179EE51E001EFABF /* PBXContainerItemProxy */;
		};
/* End PBXTargetDependency section */

/* Begin PBXVariantGroup section */
		2665905B179EE51E001EFABF /* InfoPlist.strings */ = {
			isa = PBXVariantGroup;
			children = (
				2665905C179EE51E001EFABF /* en */,
			);
			name = InfoPlist.strings;
			sourceTree = "<group>";
		};
		2665906A179EE51E001EFABF /* MainStoryboard_iPhone.storyboard */ = {
			isa = PBXVariantGroup;
			children = (
				2665906B179EE51E001EFABF /* en */,
			);
			name = MainStoryboard_iPhone.storyboard;
			sourceTree = "<group>";
		};
		2665906D179EE51E001EFABF /* MainStoryboard_iPad.storyboard */ = {
			isa = PBXVariantGroup;
			children = (
				2665906E179EE51E001EFABF /* en */,
			);
			name = MainStoryboard_iPad.storyboard;
			sourceTree = "<group>";
		};
		26659085179EE51E001EFABF /* InfoPlist.strings */ = {
			isa = PBXVariantGroup;
			children = (
				26659086179EE51E001EFABF /* en */,
			);
			name = InfoPlist.strings;
			sourceTree = "<group>";
		};
/* End PBXVariantGroup section */

/* Begin XCBuildConfiguration section */
		2665908B179EE51E001EFABF /* Debug */ = {
			isa = XCBuildConfiguration;
			buildSettings = {
				ALWAYS_SEARCH_USER_PATHS = NO;
				CLANG_CXX_LANGUAGE_STANDARD = "gnu++0x";
				CLANG_CXX_LIBRARY = "libc++";
				CLANG_ENABLE_OBJC_ARC = YES;
				CLANG_WARN_CONSTANT_CONVERSION = YES;
				CLANG_WARN_EMPTY_BODY = YES;
				CLANG_WARN_ENUM_CONVERSION = YES;
				CLANG_WARN_INT_CONVERSION = YES;
				CLANG_WARN__DUPLICATE_METHOD_MATCH = YES;
				"CODE_SIGN_IDENTITY[sdk=iphoneos*]" = "iPhone Developer";
				COPY_PHASE_STRIP = NO;
				GCC_C_LANGUAGE_STANDARD = gnu99;
				GCC_DYNAMIC_NO_PIC = NO;
				GCC_OPTIMIZATION_LEVEL = 0;
				GCC_PREPROCESSOR_DEFINITIONS = (
					"DEBUG=1",
					"$(inherited)",
				);
				GCC_SYMBOLS_PRIVATE_EXTERN = NO;
				GCC_WARN_ABOUT_RETURN_TYPE = YES;
				GCC_WARN_UNINITIALIZED_AUTOS = YES;
				GCC_WARN_UNUSED_VARIABLE = YES;
				IPHONEOS_DEPLOYMENT_TARGET = 7.0;
				ONLY_ACTIVE_ARCH = YES;
				OTHER_CFLAGS = "";
				OTHER_LDFLAGS = "";
				SDKROOT = iphoneos6.1;
				TARGETED_DEVICE_FAMILY = "1,2";
			};
			name = Debug;
		};
		2665908C179EE51E001EFABF /* Release */ = {
			isa = XCBuildConfiguration;
			buildSettings = {
				ALWAYS_SEARCH_USER_PATHS = NO;
				CLANG_CXX_LANGUAGE_STANDARD = "gnu++0x";
				CLANG_CXX_LIBRARY = "libc++";
				CLANG_ENABLE_OBJC_ARC = YES;
				CLANG_WARN_CONSTANT_CONVERSION = YES;
				CLANG_WARN_EMPTY_BODY = YES;
				CLANG_WARN_ENUM_CONVERSION = YES;
				CLANG_WARN_INT_CONVERSION = YES;
				CLANG_WARN__DUPLICATE_METHOD_MATCH = YES;
				"CODE_SIGN_IDENTITY[sdk=iphoneos*]" = "iPhone Developer";
				COPY_PHASE_STRIP = YES;
				GCC_C_LANGUAGE_STANDARD = gnu99;
				GCC_WARN_ABOUT_RETURN_TYPE = YES;
				GCC_WARN_UNINITIALIZED_AUTOS = YES;
				GCC_WARN_UNUSED_VARIABLE = YES;
				IPHONEOS_DEPLOYMENT_TARGET = 7.0;
				OTHER_CFLAGS = "-DNS_BLOCK_ASSERTIONS=1";
				OTHER_LDFLAGS = "";
				SDKROOT = iphoneos6.1;
				TARGETED_DEVICE_FAMILY = "1,2";
				VALIDATE_PRODUCT = YES;
			};
			name = Release;
		};
		2665908E179EE51E001EFABF /* Debug */ = {
			isa = XCBuildConfiguration;
			baseConfigurationReference = F02AD06E00CE4878A05A6AE5 /* Pods.xcconfig */;
			buildSettings = {
				ASSETCATALOG_COMPILER_APPICON_NAME = AppIcon;
				ASSETCATALOG_COMPILER_LAUNCHIMAGE_NAME = LaunchImage;
				CODE_SIGN_IDENTITY = "iPhone Developer";
				"CODE_SIGN_IDENTITY[sdk=iphoneos*]" = "iPhone Developer";
				GCC_PRECOMPILE_PREFIX_HEADER = YES;
				GCC_PREFIX_HEADER = "Underplan/Underplan-Prefix.pch";
				INFOPLIST_FILE = "Underplan/Underplan-Info.plist";
				IPHONEOS_DEPLOYMENT_TARGET = 6.0;
				OTHER_LDFLAGS = (
					"-ObjC",
					"-lcrypto",
					"-licucore",
					"-lxml2.2",
					"-lz.1",
					"-framework",
					CFNetwork,
					"-framework",
					CoreGraphics,
					"-framework",
					CoreText,
					"-framework",
					ImageIO,
					"-framework",
					MapKit,
					"-framework",
					MobileCoreServices,
					"-framework",
					Security,
					"-framework",
					SystemConfiguration,
				);
				PRODUCT_NAME = "$(TARGET_NAME)";
				PROVISIONING_PROFILE = "";
				SDKROOT = iphoneos6.1;
				WRAPPER_EXTENSION = app;
			};
			name = Debug;
		};
		2665908F179EE51E001EFABF /* Release */ = {
			isa = XCBuildConfiguration;
			baseConfigurationReference = F02AD06E00CE4878A05A6AE5 /* Pods.xcconfig */;
			buildSettings = {
				ASSETCATALOG_COMPILER_APPICON_NAME = AppIcon;
				ASSETCATALOG_COMPILER_LAUNCHIMAGE_NAME = LaunchImage;
				CODE_SIGN_IDENTITY = "iPhone Developer";
				"CODE_SIGN_IDENTITY[sdk=iphoneos*]" = "iPhone Developer";
				GCC_PRECOMPILE_PREFIX_HEADER = YES;
				GCC_PREFIX_HEADER = "Underplan/Underplan-Prefix.pch";
				INFOPLIST_FILE = "Underplan/Underplan-Info.plist";
				IPHONEOS_DEPLOYMENT_TARGET = 6.0;
				OTHER_LDFLAGS = (
					"-ObjC",
					"-lcrypto",
					"-licucore",
					"-lxml2.2",
					"-lz.1",
					"-framework",
					CFNetwork,
					"-framework",
					CoreGraphics,
					"-framework",
					CoreText,
					"-framework",
					ImageIO,
					"-framework",
					MapKit,
					"-framework",
					MobileCoreServices,
					"-framework",
					Security,
					"-framework",
					SystemConfiguration,
				);
				PRODUCT_NAME = "$(TARGET_NAME)";
				PROVISIONING_PROFILE = "";
				SDKROOT = iphoneos6.1;
				WRAPPER_EXTENSION = app;
			};
			name = Release;
		};
		26659091179EE51E001EFABF /* Debug */ = {
			isa = XCBuildConfiguration;
			buildSettings = {
				BUNDLE_LOADER = "$(BUILT_PRODUCTS_DIR)/Underplan.app/Underplan";
				FRAMEWORK_SEARCH_PATHS = (
					"\"$(SDKROOT)/Developer/Library/Frameworks\"",
					"\"$(DEVELOPER_LIBRARY_DIR)/Frameworks\"",
				);
				GCC_PRECOMPILE_PREFIX_HEADER = YES;
				GCC_PREFIX_HEADER = "Underplan/Underplan-Prefix.pch";
				INFOPLIST_FILE = "UnderplanTests/UnderplanTests-Info.plist";
				PRODUCT_NAME = "$(TARGET_NAME)";
				TEST_HOST = "$(BUNDLE_LOADER)";
				WRAPPER_EXTENSION = octest;
			};
			name = Debug;
		};
		26659092179EE51E001EFABF /* Release */ = {
			isa = XCBuildConfiguration;
			buildSettings = {
				BUNDLE_LOADER = "$(BUILT_PRODUCTS_DIR)/Underplan.app/Underplan";
				FRAMEWORK_SEARCH_PATHS = (
					"\"$(SDKROOT)/Developer/Library/Frameworks\"",
					"\"$(DEVELOPER_LIBRARY_DIR)/Frameworks\"",
				);
				GCC_PRECOMPILE_PREFIX_HEADER = YES;
				GCC_PREFIX_HEADER = "Underplan/Underplan-Prefix.pch";
				INFOPLIST_FILE = "UnderplanTests/UnderplanTests-Info.plist";
				PRODUCT_NAME = "$(TARGET_NAME)";
				TEST_HOST = "$(BUNDLE_LOADER)";
				WRAPPER_EXTENSION = octest;
			};
			name = Release;
		};
/* End XCBuildConfiguration section */

/* Begin XCConfigurationList section */
		2665904A179EE51D001EFABF /* Build configuration list for PBXProject "Underplan" */ = {
			isa = XCConfigurationList;
			buildConfigurations = (
				2665908B179EE51E001EFABF /* Debug */,
				2665908C179EE51E001EFABF /* Release */,
			);
			defaultConfigurationIsVisible = 0;
			defaultConfigurationName = Release;
		};
		2665908D179EE51E001EFABF /* Build configuration list for PBXNativeTarget "Underplan" */ = {
			isa = XCConfigurationList;
			buildConfigurations = (
				2665908E179EE51E001EFABF /* Debug */,
				2665908F179EE51E001EFABF /* Release */,
			);
			defaultConfigurationIsVisible = 0;
			defaultConfigurationName = Release;
		};
		26659090179EE51E001EFABF /* Build configuration list for PBXNativeTarget "UnderplanTests" */ = {
			isa = XCConfigurationList;
			buildConfigurations = (
				26659091179EE51E001EFABF /* Debug */,
				26659092179EE51E001EFABF /* Release */,
			);
			defaultConfigurationIsVisible = 0;
			defaultConfigurationName = Release;
		};
/* End XCConfigurationList section */
	};
	rootObject = 26659047179EE51D001EFABF /* Project object */;
}
